// !$*UTF8*$!
{
	archiveVersion = 1;
	classes = {
	};
	objectVersion = 56;
	objects = {

/* Begin PBXBuildFile section */
		3E3B9A812C5B29A2001F2852 /* NavigationPathFinder.swift in Sources */ = {isa = PBXBuildFile; fileRef = 3E3B9A802C5B29A2001F2852 /* NavigationPathFinder.swift */; };
		3E3B9A832C5B29AA001F2852 /* ViewOptions.swift in Sources */ = {isa = PBXBuildFile; fileRef = 3E3B9A822C5B29AA001F2852 /* ViewOptions.swift */; };
		3E3B9A872C5B2E3E001F2852 /* View+Extension.swift in Sources */ = {isa = PBXBuildFile; fileRef = 3E3B9A862C5B2E3E001F2852 /* View+Extension.swift */; };
		3E3B9A892C5B2F62001F2852 /* Constants.swift in Sources */ = {isa = PBXBuildFile; fileRef = 3E3B9A882C5B2F62001F2852 /* Constants.swift */; };
		3E3B9A8E2C5B500E001F2852 /* SocialLoginView.swift in Sources */ = {isa = PBXBuildFile; fileRef = 3E3B9A8D2C5B500E001F2852 /* SocialLoginView.swift */; };
		3E5F3EFC2C5B57A9007023DC /* ProfileViewSelector.swift in Sources */ = {isa = PBXBuildFile; fileRef = 3E5F3EFB2C5B57A9007023DC /* ProfileViewSelector.swift */; };
		3E5F3F002C5B94CA007023DC /* AlbumData.swift in Sources */ = {isa = PBXBuildFile; fileRef = 3E5F3EFD2C5B94CA007023DC /* AlbumData.swift */; };
		3E5F3F012C5B94CA007023DC /* PhotoData.swift in Sources */ = {isa = PBXBuildFile; fileRef = 3E5F3EFE2C5B94CA007023DC /* PhotoData.swift */; };
		3E7521A52C48E6C700920BFD /* ExerciseMainView.swift in Sources */ = {isa = PBXBuildFile; fileRef = 3E7521A42C48E6C700920BFD /* ExerciseMainView.swift */; };
		3E7521A82C48F63E00920BFD /* ExerciseMainHeaderView.swift in Sources */ = {isa = PBXBuildFile; fileRef = 3E7521A72C48F63E00920BFD /* ExerciseMainHeaderView.swift */; };
		3E7521AB2C48F66F00920BFD /* RoundedCorners.swift in Sources */ = {isa = PBXBuildFile; fileRef = 3E7521AA2C48F66F00920BFD /* RoundedCorners.swift */; };
		3E7521AD2C49F88B00920BFD /* CustomTabBarView.swift in Sources */ = {isa = PBXBuildFile; fileRef = 3E7521AC2C49F88B00920BFD /* CustomTabBarView.swift */; };
		3E9D1FD52C4E346E00302F7E /* ProfileSelectView.swift in Sources */ = {isa = PBXBuildFile; fileRef = 3E9D1FD42C4E346E00302F7E /* ProfileSelectView.swift */; };
		3E9E9E202C44E7DB002389EB /* WorkSans-Light.ttf in Resources */ = {isa = PBXBuildFile; fileRef = 3E9E9E172C44E7DA002389EB /* WorkSans-Light.ttf */; };
		3E9E9E212C44E7DB002389EB /* WorkSans-ExtraBold.ttf in Resources */ = {isa = PBXBuildFile; fileRef = 3E9E9E182C44E7DA002389EB /* WorkSans-ExtraBold.ttf */; };
		3E9E9E222C44E7DB002389EB /* WorkSans-Black.ttf in Resources */ = {isa = PBXBuildFile; fileRef = 3E9E9E192C44E7DA002389EB /* WorkSans-Black.ttf */; };
		3E9E9E232C44E7DB002389EB /* WorkSans-Bold.ttf in Resources */ = {isa = PBXBuildFile; fileRef = 3E9E9E1A2C44E7DA002389EB /* WorkSans-Bold.ttf */; };
		3E9E9E242C44E7DB002389EB /* WorkSans-SemiBold.ttf in Resources */ = {isa = PBXBuildFile; fileRef = 3E9E9E1B2C44E7DA002389EB /* WorkSans-SemiBold.ttf */; };
		3E9E9E252C44E7DB002389EB /* WorkSans-Regular.ttf in Resources */ = {isa = PBXBuildFile; fileRef = 3E9E9E1C2C44E7DA002389EB /* WorkSans-Regular.ttf */; };
		3E9E9E262C44E7DB002389EB /* WorkSans-ExtraLight.ttf in Resources */ = {isa = PBXBuildFile; fileRef = 3E9E9E1D2C44E7DA002389EB /* WorkSans-ExtraLight.ttf */; };
		3E9E9E272C44E7DB002389EB /* WorkSans-Medium.ttf in Resources */ = {isa = PBXBuildFile; fileRef = 3E9E9E1E2C44E7DA002389EB /* WorkSans-Medium.ttf */; };
		3E9E9E282C44E7DB002389EB /* WorkSans-Thin.ttf in Resources */ = {isa = PBXBuildFile; fileRef = 3E9E9E1F2C44E7DA002389EB /* WorkSans-Thin.ttf */; };
		3E9E9E302C44E7FC002389EB /* IBMPlexSansKR-ExtraLight.ttf in Resources */ = {isa = PBXBuildFile; fileRef = 3E9E9E292C44E7FB002389EB /* IBMPlexSansKR-ExtraLight.ttf */; };
		3E9E9E312C44E7FC002389EB /* IBMPlexSansKR-Light.ttf in Resources */ = {isa = PBXBuildFile; fileRef = 3E9E9E2A2C44E7FB002389EB /* IBMPlexSansKR-Light.ttf */; };
		3E9E9E322C44E7FC002389EB /* IBMPlexSansKR-Thin.ttf in Resources */ = {isa = PBXBuildFile; fileRef = 3E9E9E2B2C44E7FB002389EB /* IBMPlexSansKR-Thin.ttf */; };
		3E9E9E332C44E7FC002389EB /* IBMPlexSansKR-Regular.ttf in Resources */ = {isa = PBXBuildFile; fileRef = 3E9E9E2C2C44E7FB002389EB /* IBMPlexSansKR-Regular.ttf */; };
		3E9E9E342C44E7FC002389EB /* IBMPlexSansKR-SemiBold.ttf in Resources */ = {isa = PBXBuildFile; fileRef = 3E9E9E2D2C44E7FB002389EB /* IBMPlexSansKR-SemiBold.ttf */; };
		3E9E9E352C44E7FC002389EB /* IBMPlexSansKR-Bold.ttf in Resources */ = {isa = PBXBuildFile; fileRef = 3E9E9E2E2C44E7FC002389EB /* IBMPlexSansKR-Bold.ttf */; };
		3E9E9E362C44E7FC002389EB /* IBMPlexSansKR-Medium.ttf in Resources */ = {isa = PBXBuildFile; fileRef = 3E9E9E2F2C44E7FC002389EB /* IBMPlexSansKR-Medium.ttf */; };
		3ED5FD8E2C4A020200CD4508 /* CustomButtonView.swift in Sources */ = {isa = PBXBuildFile; fileRef = 3ED5FD8D2C4A020200CD4508 /* CustomButtonView.swift */; };
		3EF6F04D2C36937E00EEF18F /* FebirdAppApp.swift in Sources */ = {isa = PBXBuildFile; fileRef = 3EF6F04C2C36937E00EEF18F /* FebirdAppApp.swift */; };
		3EF6F0532C36937F00EEF18F /* Assets.xcassets in Resources */ = {isa = PBXBuildFile; fileRef = 3EF6F0522C36937F00EEF18F /* Assets.xcassets */; };
		3EF6F0562C36937F00EEF18F /* Preview Assets.xcassets in Resources */ = {isa = PBXBuildFile; fileRef = 3EF6F0552C36937F00EEF18F /* Preview Assets.xcassets */; };
		3EF6F0602C36938000EEF18F /* FebirdAppTests.swift in Sources */ = {isa = PBXBuildFile; fileRef = 3EF6F05F2C36938000EEF18F /* FebirdAppTests.swift */; };
		3EF6F06A2C36938000EEF18F /* FebirdAppUITests.swift in Sources */ = {isa = PBXBuildFile; fileRef = 3EF6F0692C36938000EEF18F /* FebirdAppUITests.swift */; };
		3EF6F06C2C36938000EEF18F /* FebirdAppUITestsLaunchTests.swift in Sources */ = {isa = PBXBuildFile; fileRef = 3EF6F06B2C36938000EEF18F /* FebirdAppUITestsLaunchTests.swift */; };
		3EFC450C2C44F882001052C7 /* Font+Extension.swift in Sources */ = {isa = PBXBuildFile; fileRef = 3EFC450B2C44F882001052C7 /* Font+Extension.swift */; };
		8F92DF7A2C4B93730071F336 /* ExerciseGuideView.swift in Sources */ = {isa = PBXBuildFile; fileRef = 8F92DF792C4B93730071F336 /* ExerciseGuideView.swift */; };
		8F92DF7C2C4B9A390071F336 /* CustomNavigationBar.swift in Sources */ = {isa = PBXBuildFile; fileRef = 8F92DF7B2C4B9A390071F336 /* CustomNavigationBar.swift */; };
		8F92DF7E2C4BA9750071F336 /* ExerciseGuideListView.swift in Sources */ = {isa = PBXBuildFile; fileRef = 8F92DF7D2C4BA9750071F336 /* ExerciseGuideListView.swift */; };
		8F92DF812C4BB0230071F336 /* ExerciseGuideViewModel.swift in Sources */ = {isa = PBXBuildFile; fileRef = 8F92DF802C4BB0230071F336 /* ExerciseGuideViewModel.swift */; };
		8F92DF832C4BB0970071F336 /* VideoPlayerView.swift in Sources */ = {isa = PBXBuildFile; fileRef = 8F92DF822C4BB0970071F336 /* VideoPlayerView.swift */; };
		8F92DF852C4BB0B40071F336 /* ExerciseGuideTextView.swift in Sources */ = {isa = PBXBuildFile; fileRef = 8F92DF842C4BB0B40071F336 /* ExerciseGuideTextView.swift */; };
		8F92DF872C4D33870071F336 /* ExerciseTimerSettingView.swift in Sources */ = {isa = PBXBuildFile; fileRef = 8F92DF862C4D33870071F336 /* ExerciseTimerSettingView.swift */; };
		8F92DF892C4D4A440071F336 /* TimerButton.swift in Sources */ = {isa = PBXBuildFile; fileRef = 8F92DF882C4D4A440071F336 /* TimerButton.swift */; };
		8F92DF8B2C4D506E0071F336 /* ExerciseRestTimerView.swift in Sources */ = {isa = PBXBuildFile; fileRef = 8F92DF8A2C4D506E0071F336 /* ExerciseRestTimerView.swift */; };
		8F92DF8D2C4D58570071F336 /* ExerciseTimerViewModel.swift in Sources */ = {isa = PBXBuildFile; fileRef = 8F92DF8C2C4D58560071F336 /* ExerciseTimerViewModel.swift */; };
		8F92DF8F2C4D58710071F336 /* TimerView.swift in Sources */ = {isa = PBXBuildFile; fileRef = 8F92DF8E2C4D58710071F336 /* TimerView.swift */; };
		8F92DF912C4D68B40071F336 /* ExerciseRoutineLogView.swift in Sources */ = {isa = PBXBuildFile; fileRef = 8F92DF902C4D68B40071F336 /* ExerciseRoutineLogView.swift */; };
		8F92DF932C4D71A40071F336 /* ExerciseRoutineCompletionView.swift in Sources */ = {isa = PBXBuildFile; fileRef = 8F92DF922C4D71A40071F336 /* ExerciseRoutineCompletionView.swift */; };
		8F92DF952C4D74A10071F336 /* ExerciseGraduationView.swift in Sources */ = {isa = PBXBuildFile; fileRef = 8F92DF942C4D74A10071F336 /* ExerciseGraduationView.swift */; };
		8FAC187F2C494BDE00CDF7CF /* ExerciseGaugeBarView.swift in Sources */ = {isa = PBXBuildFile; fileRef = 8FAC187E2C494BDE00CDF7CF /* ExerciseGaugeBarView.swift */; };
		8FAC18822C4B8BA800CDF7CF /* ExerciseItemView.swift in Sources */ = {isa = PBXBuildFile; fileRef = 8FAC18812C4B8BA800CDF7CF /* ExerciseItemView.swift */; };
		8FAC18852C4B8C4200CDF7CF /* ExerciseItem.swift in Sources */ = {isa = PBXBuildFile; fileRef = 8FAC18842C4B8C4200CDF7CF /* ExerciseItem.swift */; };
		8FAC18872C4B8CBA00CDF7CF /* ExerciseListView.swift in Sources */ = {isa = PBXBuildFile; fileRef = 8FAC18862C4B8CBA00CDF7CF /* ExerciseListView.swift */; };
		E10FD99D2C49FB4500D80139 /* InbodyInputView.swift in Sources */ = {isa = PBXBuildFile; fileRef = E10FD99C2C49FB4500D80139 /* InbodyInputView.swift */; };
		E10FD99F2C49FECB00D80139 /* OnboardingLoadingView.swift in Sources */ = {isa = PBXBuildFile; fileRef = E10FD99E2C49FECB00D80139 /* OnboardingLoadingView.swift */; };
		E10FD9A12C49FFF100D80139 /* EyeBodyView.swift in Sources */ = {isa = PBXBuildFile; fileRef = E10FD9A02C49FFF100D80139 /* EyeBodyView.swift */; };
		E10FD9A32C4A066200D80139 /* OnboardingEndView.swift in Sources */ = {isa = PBXBuildFile; fileRef = E10FD9A22C4A066200D80139 /* OnboardingEndView.swift */; };
		E10FD9AE2C4C16AA00D80139 /* ProfileHeaderView.swift in Sources */ = {isa = PBXBuildFile; fileRef = E10FD9AD2C4C16AA00D80139 /* ProfileHeaderView.swift */; };
		E10FD9B02C4CC01700D80139 /* InbodyMainView.swift in Sources */ = {isa = PBXBuildFile; fileRef = E10FD9AF2C4CC01700D80139 /* InbodyMainView.swift */; };
		E10FD9B22C4CC06000D80139 /* InbodyGraphView.swift in Sources */ = {isa = PBXBuildFile; fileRef = E10FD9B12C4CC06000D80139 /* InbodyGraphView.swift */; };
		E12911B92C48DC82009A92F7 /* CameraActionSheet.swift in Sources */ = {isa = PBXBuildFile; fileRef = E12911B82C48DC81009A92F7 /* CameraActionSheet.swift */; };
		E12911BB2C48EDFE009A92F7 /* PhotoPicker.swift in Sources */ = {isa = PBXBuildFile; fileRef = E12911BA2C48EDFE009A92F7 /* PhotoPicker.swift */; };
		E12911BD2C48FDBA009A92F7 /* InbodyFixView.swift in Sources */ = {isa = PBXBuildFile; fileRef = E12911BC2C48FDBA009A92F7 /* InbodyFixView.swift */; };
		E1AEFC932C4D10AD000D6441 /* AlbumMainView.swift in Sources */ = {isa = PBXBuildFile; fileRef = E1AEFC922C4D10AD000D6441 /* AlbumMainView.swift */; };
		E1AEFC952C4D10BE000D6441 /* AlbumView.swift in Sources */ = {isa = PBXBuildFile; fileRef = E1AEFC942C4D10BE000D6441 /* AlbumView.swift */; };
		E1AEFC972C4D2E69000D6441 /* AlbumDetailView.swift in Sources */ = {isa = PBXBuildFile; fileRef = E1AEFC962C4D2E69000D6441 /* AlbumDetailView.swift */; };
		E1AEFC992C4D3F50000D6441 /* EyeBodyMainView.swift in Sources */ = {isa = PBXBuildFile; fileRef = E1AEFC982C4D3F50000D6441 /* EyeBodyMainView.swift */; };
		E1BB0D4C2C450F1C002565B2 /* .swiftlint.yml in Resources */ = {isa = PBXBuildFile; fileRef = E1BB0D4B2C450F1C002565B2 /* .swiftlint.yml */; };
		E1BB0D552C47985D002565B2 /* OnboardingGaugeView.swift in Sources */ = {isa = PBXBuildFile; fileRef = E1BB0D542C47985D002565B2 /* OnboardingGaugeView.swift */; };
		E1BB0D582C479CF7002565B2 /* OnboardingWelcomView.swift in Sources */ = {isa = PBXBuildFile; fileRef = E1BB0D572C479CF7002565B2 /* OnboardingWelcomView.swift */; };
		E1BB0D5A2C47A4FB002565B2 /* OnboardingSelectUserInfoView.swift in Sources */ = {isa = PBXBuildFile; fileRef = E1BB0D592C47A4FB002565B2 /* OnboardingSelectUserInfoView.swift */; };
		E1BB0D5C2C47B15A002565B2 /* OnboardingProfileSelectionView.swift in Sources */ = {isa = PBXBuildFile; fileRef = E1BB0D5B2C47B15A002565B2 /* OnboardingProfileSelectionView.swift */; };
		E1BB0D5E2C47F9F7002565B2 /* OnboardingSelectGenderButton.swift in Sources */ = {isa = PBXBuildFile; fileRef = E1BB0D5D2C47F9F7002565B2 /* OnboardingSelectGenderButton.swift */; };
		E1BB0D602C4800E2002565B2 /* OnboardingTextField.swift in Sources */ = {isa = PBXBuildFile; fileRef = E1BB0D5F2C4800E2002565B2 /* OnboardingTextField.swift */; };
		E1BB0D622C48A875002565B2 /* InbodyAddView.swift in Sources */ = {isa = PBXBuildFile; fileRef = E1BB0D612C48A875002565B2 /* InbodyAddView.swift */; };
		E24CF94E2C4F887100D1548E /* CustomToggle.swift in Sources */ = {isa = PBXBuildFile; fileRef = E24CF94D2C4F887100D1548E /* CustomToggle.swift */; };
		E24CF9502C4F891A00D1548E /* ProfileSettingHeaderView.swift in Sources */ = {isa = PBXBuildFile; fileRef = E24CF94F2C4F891A00D1548E /* ProfileSettingHeaderView.swift */; };
		E24CF9542C4F99E500D1548E /* ProfileSettingView.swift in Sources */ = {isa = PBXBuildFile; fileRef = E24CF9532C4F99E500D1548E /* ProfileSettingView.swift */; };
		E24F5E822C48EC3400724DA7 /* MealMainView.swift in Sources */ = {isa = PBXBuildFile; fileRef = E24F5E812C48EC3400724DA7 /* MealMainView.swift */; };
		E25F3BF42C4F4D1700688718 /* CustomCell.swift in Sources */ = {isa = PBXBuildFile; fileRef = E25F3BF32C4F4D1700688718 /* CustomCell.swift */; };
		E26D48B52C48F50D00D63FE7 /* AIMealRecomendationView.swift in Sources */ = {isa = PBXBuildFile; fileRef = E26D48B42C48F50D00D63FE7 /* AIMealRecomendationView.swift */; };
		E26D48B92C49F18800D63FE7 /* MemoRow.swift in Sources */ = {isa = PBXBuildFile; fileRef = E26D48B82C49F18800D63FE7 /* MemoRow.swift */; };
		E26D48BB2C49F93900D63FE7 /* MealChatBotView.swift in Sources */ = {isa = PBXBuildFile; fileRef = E26D48BA2C49F93900D63FE7 /* MealChatBotView.swift */; };
		E26D48BD2C49FBE300D63FE7 /* MemoModalView.swift in Sources */ = {isa = PBXBuildFile; fileRef = E26D48BC2C49FBE300D63FE7 /* MemoModalView.swift */; };
		E2A2F7E42C4F3C09000AD404 /* SettingsView.swift in Sources */ = {isa = PBXBuildFile; fileRef = E2A2F7E32C4F3C09000AD404 /* SettingsView.swift */; };
		E2CFF20E2C4E999E00540500 /* Message.swift in Sources */ = {isa = PBXBuildFile; fileRef = E2CFF20D2C4E999E00540500 /* Message.swift */; };
		E2CFF2102C4E9A1700540500 /* MealRecommendation.swift in Sources */ = {isa = PBXBuildFile; fileRef = E2CFF20F2C4E9A1700540500 /* MealRecommendation.swift */; };
		E2CFF2122C4E9D6300540500 /* InputFieldView.swift in Sources */ = {isa = PBXBuildFile; fileRef = E2CFF2112C4E9D6300540500 /* InputFieldView.swift */; };
		E2CFF2142C4EA29500540500 /* MessageBubble.swift in Sources */ = {isa = PBXBuildFile; fileRef = E2CFF2132C4EA29500540500 /* MessageBubble.swift */; };
		E2CFF2162C4EBC5500540500 /* ExerciseRecordView.swift in Sources */ = {isa = PBXBuildFile; fileRef = E2CFF2152C4EBC5500540500 /* ExerciseRecordView.swift */; };
		E2CFF2182C4EBED700540500 /* ExerciseRecordListView.swift in Sources */ = {isa = PBXBuildFile; fileRef = E2CFF2172C4EBED700540500 /* ExerciseRecordListView.swift */; };
		E2EB25792C4E48C30094EC8E /* ChatBotMainView.swift in Sources */ = {isa = PBXBuildFile; fileRef = E2EB25782C4E48C30094EC8E /* ChatBotMainView.swift */; };
		E2FDD2572C4B93AF004067EF /* WeeklyCalendar.swift in Sources */ = {isa = PBXBuildFile; fileRef = E2FDD2562C4B93AF004067EF /* WeeklyCalendar.swift */; };
		E2FDD25B2C4BA6F2004067EF /* MealMainheaderView.swift in Sources */ = {isa = PBXBuildFile; fileRef = E2FDD25A2C4BA6F2004067EF /* MealMainheaderView.swift */; };
/* End PBXBuildFile section */

/* Begin PBXContainerItemProxy section */
		3EF6F05C2C36938000EEF18F /* PBXContainerItemProxy */ = {
			isa = PBXContainerItemProxy;
			containerPortal = 3EF6F0412C36937D00EEF18F /* Project object */;
			proxyType = 1;
			remoteGlobalIDString = 3EF6F0482C36937E00EEF18F;
			remoteInfo = FebirdApp;
		};
		3EF6F0662C36938000EEF18F /* PBXContainerItemProxy */ = {
			isa = PBXContainerItemProxy;
			containerPortal = 3EF6F0412C36937D00EEF18F /* Project object */;
			proxyType = 1;
			remoteGlobalIDString = 3EF6F0482C36937E00EEF18F;
			remoteInfo = FebirdApp;
		};
/* End PBXContainerItemProxy section */

/* Begin PBXFileReference section */
		3E3B9A802C5B29A2001F2852 /* NavigationPathFinder.swift */ = {isa = PBXFileReference; fileEncoding = 4; lastKnownFileType = sourcecode.swift; path = NavigationPathFinder.swift; sourceTree = "<group>"; };
		3E3B9A822C5B29AA001F2852 /* ViewOptions.swift */ = {isa = PBXFileReference; fileEncoding = 4; lastKnownFileType = sourcecode.swift; path = ViewOptions.swift; sourceTree = "<group>"; };
		3E3B9A862C5B2E3E001F2852 /* View+Extension.swift */ = {isa = PBXFileReference; lastKnownFileType = sourcecode.swift; path = "View+Extension.swift"; sourceTree = "<group>"; };
		3E3B9A882C5B2F62001F2852 /* Constants.swift */ = {isa = PBXFileReference; fileEncoding = 4; lastKnownFileType = sourcecode.swift; path = Constants.swift; sourceTree = "<group>"; };
		3E3B9A8D2C5B500E001F2852 /* SocialLoginView.swift */ = {isa = PBXFileReference; lastKnownFileType = sourcecode.swift; path = SocialLoginView.swift; sourceTree = "<group>"; };
		3E5F3EFB2C5B57A9007023DC /* ProfileViewSelector.swift */ = {isa = PBXFileReference; lastKnownFileType = sourcecode.swift; path = ProfileViewSelector.swift; sourceTree = "<group>"; };
		3E5F3EFD2C5B94CA007023DC /* AlbumData.swift */ = {isa = PBXFileReference; fileEncoding = 4; lastKnownFileType = sourcecode.swift; path = AlbumData.swift; sourceTree = "<group>"; };
		3E5F3EFE2C5B94CA007023DC /* PhotoData.swift */ = {isa = PBXFileReference; fileEncoding = 4; lastKnownFileType = sourcecode.swift; path = PhotoData.swift; sourceTree = "<group>"; };
		3E7521A42C48E6C700920BFD /* ExerciseMainView.swift */ = {isa = PBXFileReference; lastKnownFileType = sourcecode.swift; path = ExerciseMainView.swift; sourceTree = "<group>"; };
		3E7521A72C48F63E00920BFD /* ExerciseMainHeaderView.swift */ = {isa = PBXFileReference; lastKnownFileType = sourcecode.swift; path = ExerciseMainHeaderView.swift; sourceTree = "<group>"; };
		3E7521AA2C48F66F00920BFD /* RoundedCorners.swift */ = {isa = PBXFileReference; lastKnownFileType = sourcecode.swift; path = RoundedCorners.swift; sourceTree = "<group>"; };
		3E7521AC2C49F88B00920BFD /* CustomTabBarView.swift */ = {isa = PBXFileReference; lastKnownFileType = sourcecode.swift; path = CustomTabBarView.swift; sourceTree = "<group>"; };
		3E9D1FD42C4E346E00302F7E /* ProfileSelectView.swift */ = {isa = PBXFileReference; fileEncoding = 4; lastKnownFileType = sourcecode.swift; path = ProfileSelectView.swift; sourceTree = "<group>"; };
		3E9E9E172C44E7DA002389EB /* WorkSans-Light.ttf */ = {isa = PBXFileReference; lastKnownFileType = file; path = "WorkSans-Light.ttf"; sourceTree = "<group>"; };
		3E9E9E182C44E7DA002389EB /* WorkSans-ExtraBold.ttf */ = {isa = PBXFileReference; lastKnownFileType = file; path = "WorkSans-ExtraBold.ttf"; sourceTree = "<group>"; };
		3E9E9E192C44E7DA002389EB /* WorkSans-Black.ttf */ = {isa = PBXFileReference; lastKnownFileType = file; path = "WorkSans-Black.ttf"; sourceTree = "<group>"; };
		3E9E9E1A2C44E7DA002389EB /* WorkSans-Bold.ttf */ = {isa = PBXFileReference; lastKnownFileType = file; path = "WorkSans-Bold.ttf"; sourceTree = "<group>"; };
		3E9E9E1B2C44E7DA002389EB /* WorkSans-SemiBold.ttf */ = {isa = PBXFileReference; lastKnownFileType = file; path = "WorkSans-SemiBold.ttf"; sourceTree = "<group>"; };
		3E9E9E1C2C44E7DA002389EB /* WorkSans-Regular.ttf */ = {isa = PBXFileReference; lastKnownFileType = file; path = "WorkSans-Regular.ttf"; sourceTree = "<group>"; };
		3E9E9E1D2C44E7DA002389EB /* WorkSans-ExtraLight.ttf */ = {isa = PBXFileReference; lastKnownFileType = file; path = "WorkSans-ExtraLight.ttf"; sourceTree = "<group>"; };
		3E9E9E1E2C44E7DA002389EB /* WorkSans-Medium.ttf */ = {isa = PBXFileReference; lastKnownFileType = file; path = "WorkSans-Medium.ttf"; sourceTree = "<group>"; };
		3E9E9E1F2C44E7DA002389EB /* WorkSans-Thin.ttf */ = {isa = PBXFileReference; lastKnownFileType = file; path = "WorkSans-Thin.ttf"; sourceTree = "<group>"; };
		3E9E9E292C44E7FB002389EB /* IBMPlexSansKR-ExtraLight.ttf */ = {isa = PBXFileReference; lastKnownFileType = file; path = "IBMPlexSansKR-ExtraLight.ttf"; sourceTree = "<group>"; };
		3E9E9E2A2C44E7FB002389EB /* IBMPlexSansKR-Light.ttf */ = {isa = PBXFileReference; lastKnownFileType = file; path = "IBMPlexSansKR-Light.ttf"; sourceTree = "<group>"; };
		3E9E9E2B2C44E7FB002389EB /* IBMPlexSansKR-Thin.ttf */ = {isa = PBXFileReference; lastKnownFileType = file; path = "IBMPlexSansKR-Thin.ttf"; sourceTree = "<group>"; };
		3E9E9E2C2C44E7FB002389EB /* IBMPlexSansKR-Regular.ttf */ = {isa = PBXFileReference; lastKnownFileType = file; path = "IBMPlexSansKR-Regular.ttf"; sourceTree = "<group>"; };
		3E9E9E2D2C44E7FB002389EB /* IBMPlexSansKR-SemiBold.ttf */ = {isa = PBXFileReference; lastKnownFileType = file; path = "IBMPlexSansKR-SemiBold.ttf"; sourceTree = "<group>"; };
		3E9E9E2E2C44E7FC002389EB /* IBMPlexSansKR-Bold.ttf */ = {isa = PBXFileReference; lastKnownFileType = file; path = "IBMPlexSansKR-Bold.ttf"; sourceTree = "<group>"; };
		3E9E9E2F2C44E7FC002389EB /* IBMPlexSansKR-Medium.ttf */ = {isa = PBXFileReference; lastKnownFileType = file; path = "IBMPlexSansKR-Medium.ttf"; sourceTree = "<group>"; };
		3E9E9E372C44E821002389EB /* Info.plist */ = {isa = PBXFileReference; lastKnownFileType = text.plist.xml; path = Info.plist; sourceTree = "<group>"; };
		3ED5FD8D2C4A020200CD4508 /* CustomButtonView.swift */ = {isa = PBXFileReference; lastKnownFileType = sourcecode.swift; path = CustomButtonView.swift; sourceTree = "<group>"; };
		3EF6F0492C36937E00EEF18F /* FebirdApp.app */ = {isa = PBXFileReference; explicitFileType = wrapper.application; includeInIndex = 0; path = FebirdApp.app; sourceTree = BUILT_PRODUCTS_DIR; };
		3EF6F04C2C36937E00EEF18F /* FebirdAppApp.swift */ = {isa = PBXFileReference; lastKnownFileType = sourcecode.swift; path = FebirdAppApp.swift; sourceTree = "<group>"; };
		3EF6F0522C36937F00EEF18F /* Assets.xcassets */ = {isa = PBXFileReference; lastKnownFileType = folder.assetcatalog; path = Assets.xcassets; sourceTree = "<group>"; };
		3EF6F0552C36937F00EEF18F /* Preview Assets.xcassets */ = {isa = PBXFileReference; lastKnownFileType = folder.assetcatalog; path = "Preview Assets.xcassets"; sourceTree = "<group>"; };
		3EF6F05B2C36938000EEF18F /* FebirdAppTests.xctest */ = {isa = PBXFileReference; explicitFileType = wrapper.cfbundle; includeInIndex = 0; path = FebirdAppTests.xctest; sourceTree = BUILT_PRODUCTS_DIR; };
		3EF6F05F2C36938000EEF18F /* FebirdAppTests.swift */ = {isa = PBXFileReference; lastKnownFileType = sourcecode.swift; path = FebirdAppTests.swift; sourceTree = "<group>"; };
		3EF6F0652C36938000EEF18F /* FebirdAppUITests.xctest */ = {isa = PBXFileReference; explicitFileType = wrapper.cfbundle; includeInIndex = 0; path = FebirdAppUITests.xctest; sourceTree = BUILT_PRODUCTS_DIR; };
		3EF6F0692C36938000EEF18F /* FebirdAppUITests.swift */ = {isa = PBXFileReference; lastKnownFileType = sourcecode.swift; path = FebirdAppUITests.swift; sourceTree = "<group>"; };
		3EF6F06B2C36938000EEF18F /* FebirdAppUITestsLaunchTests.swift */ = {isa = PBXFileReference; lastKnownFileType = sourcecode.swift; path = FebirdAppUITestsLaunchTests.swift; sourceTree = "<group>"; };
		3EFC450B2C44F882001052C7 /* Font+Extension.swift */ = {isa = PBXFileReference; lastKnownFileType = sourcecode.swift; path = "Font+Extension.swift"; sourceTree = "<group>"; };
		8F92DF792C4B93730071F336 /* ExerciseGuideView.swift */ = {isa = PBXFileReference; lastKnownFileType = sourcecode.swift; path = ExerciseGuideView.swift; sourceTree = "<group>"; };
		8F92DF7B2C4B9A390071F336 /* CustomNavigationBar.swift */ = {isa = PBXFileReference; lastKnownFileType = sourcecode.swift; path = CustomNavigationBar.swift; sourceTree = "<group>"; };
		8F92DF7D2C4BA9750071F336 /* ExerciseGuideListView.swift */ = {isa = PBXFileReference; lastKnownFileType = sourcecode.swift; path = ExerciseGuideListView.swift; sourceTree = "<group>"; };
		8F92DF802C4BB0230071F336 /* ExerciseGuideViewModel.swift */ = {isa = PBXFileReference; lastKnownFileType = sourcecode.swift; path = ExerciseGuideViewModel.swift; sourceTree = "<group>"; };
		8F92DF822C4BB0970071F336 /* VideoPlayerView.swift */ = {isa = PBXFileReference; lastKnownFileType = sourcecode.swift; path = VideoPlayerView.swift; sourceTree = "<group>"; };
		8F92DF842C4BB0B40071F336 /* ExerciseGuideTextView.swift */ = {isa = PBXFileReference; lastKnownFileType = sourcecode.swift; path = ExerciseGuideTextView.swift; sourceTree = "<group>"; };
		8F92DF862C4D33870071F336 /* ExerciseTimerSettingView.swift */ = {isa = PBXFileReference; lastKnownFileType = sourcecode.swift; path = ExerciseTimerSettingView.swift; sourceTree = "<group>"; };
		8F92DF882C4D4A440071F336 /* TimerButton.swift */ = {isa = PBXFileReference; lastKnownFileType = sourcecode.swift; path = TimerButton.swift; sourceTree = "<group>"; };
		8F92DF8A2C4D506E0071F336 /* ExerciseRestTimerView.swift */ = {isa = PBXFileReference; lastKnownFileType = sourcecode.swift; path = ExerciseRestTimerView.swift; sourceTree = "<group>"; };
		8F92DF8C2C4D58560071F336 /* ExerciseTimerViewModel.swift */ = {isa = PBXFileReference; lastKnownFileType = sourcecode.swift; path = ExerciseTimerViewModel.swift; sourceTree = "<group>"; };
		8F92DF8E2C4D58710071F336 /* TimerView.swift */ = {isa = PBXFileReference; lastKnownFileType = sourcecode.swift; path = TimerView.swift; sourceTree = "<group>"; };
		8F92DF902C4D68B40071F336 /* ExerciseRoutineLogView.swift */ = {isa = PBXFileReference; lastKnownFileType = sourcecode.swift; path = ExerciseRoutineLogView.swift; sourceTree = "<group>"; };
		8F92DF922C4D71A40071F336 /* ExerciseRoutineCompletionView.swift */ = {isa = PBXFileReference; lastKnownFileType = sourcecode.swift; path = ExerciseRoutineCompletionView.swift; sourceTree = "<group>"; };
		8F92DF942C4D74A10071F336 /* ExerciseGraduationView.swift */ = {isa = PBXFileReference; lastKnownFileType = sourcecode.swift; path = ExerciseGraduationView.swift; sourceTree = "<group>"; };
		8FAC187E2C494BDE00CDF7CF /* ExerciseGaugeBarView.swift */ = {isa = PBXFileReference; lastKnownFileType = sourcecode.swift; path = ExerciseGaugeBarView.swift; sourceTree = "<group>"; };
		8FAC18812C4B8BA800CDF7CF /* ExerciseItemView.swift */ = {isa = PBXFileReference; lastKnownFileType = sourcecode.swift; path = ExerciseItemView.swift; sourceTree = "<group>"; };
		8FAC18842C4B8C4200CDF7CF /* ExerciseItem.swift */ = {isa = PBXFileReference; lastKnownFileType = sourcecode.swift; path = ExerciseItem.swift; sourceTree = "<group>"; };
		8FAC18862C4B8CBA00CDF7CF /* ExerciseListView.swift */ = {isa = PBXFileReference; lastKnownFileType = sourcecode.swift; path = ExerciseListView.swift; sourceTree = "<group>"; };
		E10FD99C2C49FB4500D80139 /* InbodyInputView.swift */ = {isa = PBXFileReference; lastKnownFileType = sourcecode.swift; path = InbodyInputView.swift; sourceTree = "<group>"; };
		E10FD99E2C49FECB00D80139 /* OnboardingLoadingView.swift */ = {isa = PBXFileReference; lastKnownFileType = sourcecode.swift; path = OnboardingLoadingView.swift; sourceTree = "<group>"; };
		E10FD9A02C49FFF100D80139 /* EyeBodyView.swift */ = {isa = PBXFileReference; lastKnownFileType = sourcecode.swift; path = EyeBodyView.swift; sourceTree = "<group>"; };
		E10FD9A22C4A066200D80139 /* OnboardingEndView.swift */ = {isa = PBXFileReference; lastKnownFileType = sourcecode.swift; path = OnboardingEndView.swift; sourceTree = "<group>"; };
		E10FD9AD2C4C16AA00D80139 /* ProfileHeaderView.swift */ = {isa = PBXFileReference; lastKnownFileType = sourcecode.swift; path = ProfileHeaderView.swift; sourceTree = "<group>"; };
		E10FD9AF2C4CC01700D80139 /* InbodyMainView.swift */ = {isa = PBXFileReference; lastKnownFileType = sourcecode.swift; path = InbodyMainView.swift; sourceTree = "<group>"; };
		E10FD9B12C4CC06000D80139 /* InbodyGraphView.swift */ = {isa = PBXFileReference; lastKnownFileType = sourcecode.swift; path = InbodyGraphView.swift; sourceTree = "<group>"; };
		E12911B82C48DC81009A92F7 /* CameraActionSheet.swift */ = {isa = PBXFileReference; lastKnownFileType = sourcecode.swift; path = CameraActionSheet.swift; sourceTree = "<group>"; };
		E12911BA2C48EDFE009A92F7 /* PhotoPicker.swift */ = {isa = PBXFileReference; lastKnownFileType = sourcecode.swift; path = PhotoPicker.swift; sourceTree = "<group>"; };
		E12911BC2C48FDBA009A92F7 /* InbodyFixView.swift */ = {isa = PBXFileReference; lastKnownFileType = sourcecode.swift; path = InbodyFixView.swift; sourceTree = "<group>"; };
		E1AEFC922C4D10AD000D6441 /* AlbumMainView.swift */ = {isa = PBXFileReference; lastKnownFileType = sourcecode.swift; path = AlbumMainView.swift; sourceTree = "<group>"; };
		E1AEFC942C4D10BE000D6441 /* AlbumView.swift */ = {isa = PBXFileReference; lastKnownFileType = sourcecode.swift; path = AlbumView.swift; sourceTree = "<group>"; };
		E1AEFC962C4D2E69000D6441 /* AlbumDetailView.swift */ = {isa = PBXFileReference; lastKnownFileType = sourcecode.swift; path = AlbumDetailView.swift; sourceTree = "<group>"; };
		E1AEFC982C4D3F50000D6441 /* EyeBodyMainView.swift */ = {isa = PBXFileReference; lastKnownFileType = sourcecode.swift; path = EyeBodyMainView.swift; sourceTree = "<group>"; };
		E1BB0D4B2C450F1C002565B2 /* .swiftlint.yml */ = {isa = PBXFileReference; fileEncoding = 4; lastKnownFileType = text.yaml; path = .swiftlint.yml; sourceTree = "<group>"; };
		E1BB0D542C47985D002565B2 /* OnboardingGaugeView.swift */ = {isa = PBXFileReference; lastKnownFileType = sourcecode.swift; path = OnboardingGaugeView.swift; sourceTree = "<group>"; };
		E1BB0D572C479CF7002565B2 /* OnboardingWelcomView.swift */ = {isa = PBXFileReference; lastKnownFileType = sourcecode.swift; path = OnboardingWelcomView.swift; sourceTree = "<group>"; };
		E1BB0D592C47A4FB002565B2 /* OnboardingSelectUserInfoView.swift */ = {isa = PBXFileReference; lastKnownFileType = sourcecode.swift; path = OnboardingSelectUserInfoView.swift; sourceTree = "<group>"; };
		E1BB0D5B2C47B15A002565B2 /* OnboardingProfileSelectionView.swift */ = {isa = PBXFileReference; lastKnownFileType = sourcecode.swift; path = OnboardingProfileSelectionView.swift; sourceTree = "<group>"; };
		E1BB0D5D2C47F9F7002565B2 /* OnboardingSelectGenderButton.swift */ = {isa = PBXFileReference; lastKnownFileType = sourcecode.swift; path = OnboardingSelectGenderButton.swift; sourceTree = "<group>"; };
		E1BB0D5F2C4800E2002565B2 /* OnboardingTextField.swift */ = {isa = PBXFileReference; lastKnownFileType = sourcecode.swift; path = OnboardingTextField.swift; sourceTree = "<group>"; };
		E1BB0D612C48A875002565B2 /* InbodyAddView.swift */ = {isa = PBXFileReference; lastKnownFileType = sourcecode.swift; path = InbodyAddView.swift; sourceTree = "<group>"; };
		E24CF94D2C4F887100D1548E /* CustomToggle.swift */ = {isa = PBXFileReference; lastKnownFileType = sourcecode.swift; path = CustomToggle.swift; sourceTree = "<group>"; };
		E24CF94F2C4F891A00D1548E /* ProfileSettingHeaderView.swift */ = {isa = PBXFileReference; lastKnownFileType = sourcecode.swift; path = ProfileSettingHeaderView.swift; sourceTree = "<group>"; };
		E24CF9532C4F99E500D1548E /* ProfileSettingView.swift */ = {isa = PBXFileReference; lastKnownFileType = sourcecode.swift; path = ProfileSettingView.swift; sourceTree = "<group>"; };
		E24F5E812C48EC3400724DA7 /* MealMainView.swift */ = {isa = PBXFileReference; lastKnownFileType = sourcecode.swift; path = MealMainView.swift; sourceTree = "<group>"; };
		E25F3BF32C4F4D1700688718 /* CustomCell.swift */ = {isa = PBXFileReference; lastKnownFileType = sourcecode.swift; path = CustomCell.swift; sourceTree = "<group>"; };
		E26D48B42C48F50D00D63FE7 /* AIMealRecomendationView.swift */ = {isa = PBXFileReference; lastKnownFileType = sourcecode.swift; path = AIMealRecomendationView.swift; sourceTree = "<group>"; };
		E26D48B82C49F18800D63FE7 /* MemoRow.swift */ = {isa = PBXFileReference; lastKnownFileType = sourcecode.swift; path = MemoRow.swift; sourceTree = "<group>"; };
		E26D48BA2C49F93900D63FE7 /* MealChatBotView.swift */ = {isa = PBXFileReference; lastKnownFileType = sourcecode.swift; path = MealChatBotView.swift; sourceTree = "<group>"; };
		E26D48BC2C49FBE300D63FE7 /* MemoModalView.swift */ = {isa = PBXFileReference; lastKnownFileType = sourcecode.swift; path = MemoModalView.swift; sourceTree = "<group>"; };
		E2A2F7E32C4F3C09000AD404 /* SettingsView.swift */ = {isa = PBXFileReference; lastKnownFileType = sourcecode.swift; path = SettingsView.swift; sourceTree = "<group>"; };
		E2CFF20D2C4E999E00540500 /* Message.swift */ = {isa = PBXFileReference; lastKnownFileType = sourcecode.swift; path = Message.swift; sourceTree = "<group>"; };
		E2CFF20F2C4E9A1700540500 /* MealRecommendation.swift */ = {isa = PBXFileReference; lastKnownFileType = sourcecode.swift; path = MealRecommendation.swift; sourceTree = "<group>"; };
		E2CFF2112C4E9D6300540500 /* InputFieldView.swift */ = {isa = PBXFileReference; lastKnownFileType = sourcecode.swift; path = InputFieldView.swift; sourceTree = "<group>"; };
		E2CFF2132C4EA29500540500 /* MessageBubble.swift */ = {isa = PBXFileReference; lastKnownFileType = sourcecode.swift; path = MessageBubble.swift; sourceTree = "<group>"; };
		E2CFF2152C4EBC5500540500 /* ExerciseRecordView.swift */ = {isa = PBXFileReference; lastKnownFileType = sourcecode.swift; path = ExerciseRecordView.swift; sourceTree = "<group>"; };
		E2CFF2172C4EBED700540500 /* ExerciseRecordListView.swift */ = {isa = PBXFileReference; lastKnownFileType = sourcecode.swift; path = ExerciseRecordListView.swift; sourceTree = "<group>"; };
		E2EB25782C4E48C30094EC8E /* ChatBotMainView.swift */ = {isa = PBXFileReference; lastKnownFileType = sourcecode.swift; path = ChatBotMainView.swift; sourceTree = "<group>"; };
		E2FDD2562C4B93AF004067EF /* WeeklyCalendar.swift */ = {isa = PBXFileReference; lastKnownFileType = sourcecode.swift; path = WeeklyCalendar.swift; sourceTree = "<group>"; };
		E2FDD25A2C4BA6F2004067EF /* MealMainheaderView.swift */ = {isa = PBXFileReference; lastKnownFileType = sourcecode.swift; path = MealMainheaderView.swift; sourceTree = "<group>"; };
/* End PBXFileReference section */

/* Begin PBXFrameworksBuildPhase section */
		3EF6F0462C36937E00EEF18F /* Frameworks */ = {
			isa = PBXFrameworksBuildPhase;
			buildActionMask = 2147483647;
			files = (
			);
			runOnlyForDeploymentPostprocessing = 0;
		};
		3EF6F0582C36938000EEF18F /* Frameworks */ = {
			isa = PBXFrameworksBuildPhase;
			buildActionMask = 2147483647;
			files = (
			);
			runOnlyForDeploymentPostprocessing = 0;
		};
		3EF6F0622C36938000EEF18F /* Frameworks */ = {
			isa = PBXFrameworksBuildPhase;
			buildActionMask = 2147483647;
			files = (
			);
			runOnlyForDeploymentPostprocessing = 0;
		};
/* End PBXFrameworksBuildPhase section */

/* Begin PBXGroup section */
		3E3B9A7F2C5B298C001F2852 /* NavigationComponents */ = {
			isa = PBXGroup;
			children = (
				3E3B9A802C5B29A2001F2852 /* NavigationPathFinder.swift */,
				3E3B9A822C5B29AA001F2852 /* ViewOptions.swift */,
			);
			path = NavigationComponents;
			sourceTree = "<group>";
		};
		3E3B9A852C5B2DA3001F2852 /* Components */ = {
			isa = PBXGroup;
			children = (
				E2FDD25A2C4BA6F2004067EF /* MealMainheaderView.swift */,
				E2FDD2562C4B93AF004067EF /* WeeklyCalendar.swift */,
				E26D48B82C49F18800D63FE7 /* MemoRow.swift */,
				E26D48B42C48F50D00D63FE7 /* AIMealRecomendationView.swift */,
			);
			path = Components;
			sourceTree = "<group>";
		};
		3E3B9A8A2C5B3030001F2852 /* Components */ = {
			isa = PBXGroup;
			children = (
				E1BB0D542C47985D002565B2 /* OnboardingGaugeView.swift */,
				E1BB0D5B2C47B15A002565B2 /* OnboardingProfileSelectionView.swift */,
				E1BB0D5D2C47F9F7002565B2 /* OnboardingSelectGenderButton.swift */,
				E1BB0D5F2C4800E2002565B2 /* OnboardingTextField.swift */,
			);
			path = Components;
			sourceTree = "<group>";
		};
		3E3B9A8B2C5B3890001F2852 /* Components */ = {
			isa = PBXGroup;
			children = (
				3E7521A72C48F63E00920BFD /* ExerciseMainHeaderView.swift */,
				8FAC18862C4B8CBA00CDF7CF /* ExerciseListView.swift */,
				8FAC18812C4B8BA800CDF7CF /* ExerciseItemView.swift */,
				8F92DF7D2C4BA9750071F336 /* ExerciseGuideListView.swift */,
				8F92DF842C4BB0B40071F336 /* ExerciseGuideTextView.swift */,
				E2CFF2172C4EBED700540500 /* ExerciseRecordListView.swift */,
			);
			path = Components;
			sourceTree = "<group>";
		};
		3E3B9A8C2C5B4FEF001F2852 /* Login */ = {
			isa = PBXGroup;
			children = (
				3E3B9A8D2C5B500E001F2852 /* SocialLoginView.swift */,
			);
			path = Login;
			sourceTree = "<group>";
		};
		3E5F3EF72C5B562B007023DC /* Components */ = {
			isa = PBXGroup;
			children = (
				E10FD9AD2C4C16AA00D80139 /* ProfileHeaderView.swift */,
				E24CF94F2C4F891A00D1548E /* ProfileSettingHeaderView.swift */,
				3E9D1FD42C4E346E00302F7E /* ProfileSelectView.swift */,
				E10FD9B12C4CC06000D80139 /* InbodyGraphView.swift */,
				E1AEFC942C4D10BE000D6441 /* AlbumView.swift */,
				E25F3BF32C4F4D1700688718 /* CustomCell.swift */,
				E24CF94D2C4F887100D1548E /* CustomToggle.swift */,
			);
			path = Components;
			sourceTree = "<group>";
		};
		3E5F3EF82C5B56B8007023DC /* ViewModels */ = {
			isa = PBXGroup;
			children = (
				3E5F3EFB2C5B57A9007023DC /* ProfileViewSelector.swift */,
			);
			path = ViewModels;
			sourceTree = "<group>";
		};
		3E5F3EFF2C5B94CA007023DC /* Models */ = {
			isa = PBXGroup;
			children = (
				3E5F3EFD2C5B94CA007023DC /* AlbumData.swift */,
				3E5F3EFE2C5B94CA007023DC /* PhotoData.swift */,
			);
			path = Models;
			sourceTree = "<group>";
		};
		3E7521A32C48E60F00920BFD /* Exercise */ = {
			isa = PBXGroup;
			children = (
				8FAC18832C4B8C1600CDF7CF /* Models */,
				8F92DF7F2C4BB0060071F336 /* ViewModels */,
				3E7521A62C48E6CE00920BFD /* Views */,
			);
			path = Exercise;
			sourceTree = "<group>";
		};
		3E7521A62C48E6CE00920BFD /* Views */ = {
			isa = PBXGroup;
			children = (
				3E3B9A8B2C5B3890001F2852 /* Components */,
				3E7521A42C48E6C700920BFD /* ExerciseMainView.swift */,
				8F92DF792C4B93730071F336 /* ExerciseGuideView.swift */,
				8F92DF862C4D33870071F336 /* ExerciseTimerSettingView.swift */,
				8F92DF8A2C4D506E0071F336 /* ExerciseRestTimerView.swift */,
				8F92DF902C4D68B40071F336 /* ExerciseRoutineLogView.swift */,
				8F92DF922C4D71A40071F336 /* ExerciseRoutineCompletionView.swift */,
				8F92DF942C4D74A10071F336 /* ExerciseGraduationView.swift */,
				E2CFF2152C4EBC5500540500 /* ExerciseRecordView.swift */,
			);
			path = Views;
			sourceTree = "<group>";
		};
		3E7521A92C48F66000920BFD /* Utils */ = {
			isa = PBXGroup;
			children = (
				3E3B9A7F2C5B298C001F2852 /* NavigationComponents */,
				3E7521AA2C48F66F00920BFD /* RoundedCorners.swift */,
				8FAC187E2C494BDE00CDF7CF /* ExerciseGaugeBarView.swift */,
				3E7521AC2C49F88B00920BFD /* CustomTabBarView.swift */,
				3ED5FD8D2C4A020200CD4508 /* CustomButtonView.swift */,
				8F92DF7B2C4B9A390071F336 /* CustomNavigationBar.swift */,
				8F92DF822C4BB0970071F336 /* VideoPlayerView.swift */,
				8F92DF8E2C4D58710071F336 /* TimerView.swift */,
				8F92DF882C4D4A440071F336 /* TimerButton.swift */,
				E12911BA2C48EDFE009A92F7 /* PhotoPicker.swift */,
				E12911B82C48DC81009A92F7 /* CameraActionSheet.swift */,
				3E3B9A882C5B2F62001F2852 /* Constants.swift */,
			);
			path = Utils;
			sourceTree = "<group>";
		};
		3E9E9E0B2C44E5B1002389EB /* Extensions */ = {
			isa = PBXGroup;
			children = (
				3EFC450B2C44F882001052C7 /* Font+Extension.swift */,
				3E3B9A862C5B2E3E001F2852 /* View+Extension.swift */,
			);
			path = Extensions;
			sourceTree = "<group>";
		};
		3E9E9E102C44E5ED002389EB /* Resources */ = {
			isa = PBXGroup;
			children = (
				3E9E9E142C44E66A002389EB /* Fonts */,
				3EF6F0522C36937F00EEF18F /* Assets.xcassets */,
				3E9E9E372C44E821002389EB /* Info.plist */,
			);
			path = Resources;
			sourceTree = "<group>";
		};
		3E9E9E112C44E5FE002389EB /* Sources */ = {
			isa = PBXGroup;
			children = (
				3EF6F04C2C36937E00EEF18F /* FebirdAppApp.swift */,
				3E3B9A8C2C5B4FEF001F2852 /* Login */,
				3E9E9E0B2C44E5B1002389EB /* Extensions */,
				3E7521A92C48F66000920BFD /* Utils */,
				E2EB257C2C4E4DAB0094EC8E /* ChatBot */,
				E10FD9A92C4C02A600D80139 /* Profile */,
				E24F5E7F2C48EBC300724DA7 /* Meal */,
				3E7521A32C48E60F00920BFD /* Exercise */,
				E1BB0D532C4797C9002565B2 /* Onboarding */,
			);
			path = Sources;
			sourceTree = "<group>";
		};
		3E9E9E142C44E66A002389EB /* Fonts */ = {
			isa = PBXGroup;
			children = (
				3E9E9E192C44E7DA002389EB /* WorkSans-Black.ttf */,
				3E9E9E1A2C44E7DA002389EB /* WorkSans-Bold.ttf */,
				3E9E9E182C44E7DA002389EB /* WorkSans-ExtraBold.ttf */,
				3E9E9E1D2C44E7DA002389EB /* WorkSans-ExtraLight.ttf */,
				3E9E9E172C44E7DA002389EB /* WorkSans-Light.ttf */,
				3E9E9E1E2C44E7DA002389EB /* WorkSans-Medium.ttf */,
				3E9E9E1C2C44E7DA002389EB /* WorkSans-Regular.ttf */,
				3E9E9E1B2C44E7DA002389EB /* WorkSans-SemiBold.ttf */,
				3E9E9E1F2C44E7DA002389EB /* WorkSans-Thin.ttf */,
				3E9E9E2E2C44E7FC002389EB /* IBMPlexSansKR-Bold.ttf */,
				3E9E9E292C44E7FB002389EB /* IBMPlexSansKR-ExtraLight.ttf */,
				3E9E9E2A2C44E7FB002389EB /* IBMPlexSansKR-Light.ttf */,
				3E9E9E2F2C44E7FC002389EB /* IBMPlexSansKR-Medium.ttf */,
				3E9E9E2C2C44E7FB002389EB /* IBMPlexSansKR-Regular.ttf */,
				3E9E9E2D2C44E7FB002389EB /* IBMPlexSansKR-SemiBold.ttf */,
				3E9E9E2B2C44E7FB002389EB /* IBMPlexSansKR-Thin.ttf */,
			);
			path = Fonts;
			sourceTree = "<group>";
		};
		3EF6F0402C36937D00EEF18F = {
			isa = PBXGroup;
			children = (
				E1BB0D4B2C450F1C002565B2 /* .swiftlint.yml */,
				3EF6F04B2C36937E00EEF18F /* FebirdApp */,
				3EF6F05E2C36938000EEF18F /* FebirdAppTests */,
				3EF6F0682C36938000EEF18F /* FebirdAppUITests */,
				3EF6F04A2C36937E00EEF18F /* Products */,
			);
			sourceTree = "<group>";
		};
		3EF6F04A2C36937E00EEF18F /* Products */ = {
			isa = PBXGroup;
			children = (
				3EF6F0492C36937E00EEF18F /* FebirdApp.app */,
				3EF6F05B2C36938000EEF18F /* FebirdAppTests.xctest */,
				3EF6F0652C36938000EEF18F /* FebirdAppUITests.xctest */,
			);
			name = Products;
			sourceTree = "<group>";
		};
		3EF6F04B2C36937E00EEF18F /* FebirdApp */ = {
			isa = PBXGroup;
			children = (
				3E9E9E112C44E5FE002389EB /* Sources */,
				3E9E9E102C44E5ED002389EB /* Resources */,
				3EF6F0542C36937F00EEF18F /* Preview Content */,
			);
			path = FebirdApp;
			sourceTree = "<group>";
		};
		3EF6F0542C36937F00EEF18F /* Preview Content */ = {
			isa = PBXGroup;
			children = (
				3EF6F0552C36937F00EEF18F /* Preview Assets.xcassets */,
			);
			path = "Preview Content";
			sourceTree = "<group>";
		};
		3EF6F05E2C36938000EEF18F /* FebirdAppTests */ = {
			isa = PBXGroup;
			children = (
				3EF6F05F2C36938000EEF18F /* FebirdAppTests.swift */,
			);
			path = FebirdAppTests;
			sourceTree = "<group>";
		};
		3EF6F0682C36938000EEF18F /* FebirdAppUITests */ = {
			isa = PBXGroup;
			children = (
				3EF6F0692C36938000EEF18F /* FebirdAppUITests.swift */,
				3EF6F06B2C36938000EEF18F /* FebirdAppUITestsLaunchTests.swift */,
			);
			path = FebirdAppUITests;
			sourceTree = "<group>";
		};
		8F92DF7F2C4BB0060071F336 /* ViewModels */ = {
			isa = PBXGroup;
			children = (
				8F92DF802C4BB0230071F336 /* ExerciseGuideViewModel.swift */,
				8F92DF8C2C4D58560071F336 /* ExerciseTimerViewModel.swift */,
			);
			path = ViewModels;
			sourceTree = "<group>";
		};
		8FAC18832C4B8C1600CDF7CF /* Models */ = {
			isa = PBXGroup;
			children = (
				8FAC18842C4B8C4200CDF7CF /* ExerciseItem.swift */,
			);
			path = Models;
			sourceTree = "<group>";
		};
		E10FD9A92C4C02A600D80139 /* Profile */ = {
			isa = PBXGroup;
			children = (
				3E5F3EFF2C5B94CA007023DC /* Models */,
				3E5F3EF82C5B56B8007023DC /* ViewModels */,
				E10FD9AA2C4C02CA00D80139 /* Views */,
			);
			path = Profile;
			sourceTree = "<group>";
		};
		E10FD9AA2C4C02CA00D80139 /* Views */ = {
			isa = PBXGroup;
			children = (
				3E5F3EF72C5B562B007023DC /* Components */,
				E10FD9AF2C4CC01700D80139 /* InbodyMainView.swift */,
				E1AEFC922C4D10AD000D6441 /* AlbumMainView.swift */,
				E1AEFC962C4D2E69000D6441 /* AlbumDetailView.swift */,
				E1AEFC982C4D3F50000D6441 /* EyeBodyMainView.swift */,
				E24CF9532C4F99E500D1548E /* ProfileSettingView.swift */,
				E2A2F7E32C4F3C09000AD404 /* SettingsView.swift */,
			);
			path = Views;
			sourceTree = "<group>";
		};
		E1BB0D532C4797C9002565B2 /* Onboarding */ = {
			isa = PBXGroup;
			children = (
				E1BB0D562C479C93002565B2 /* Views */,
			);
			path = Onboarding;
			sourceTree = "<group>";
		};
		E1BB0D562C479C93002565B2 /* Views */ = {
			isa = PBXGroup;
			children = (
				3E3B9A8A2C5B3030001F2852 /* Components */,
				E1BB0D572C479CF7002565B2 /* OnboardingWelcomView.swift */,
				E1BB0D592C47A4FB002565B2 /* OnboardingSelectUserInfoView.swift */,
				E1BB0D612C48A875002565B2 /* InbodyAddView.swift */,
				E12911BC2C48FDBA009A92F7 /* InbodyFixView.swift */,
				E10FD99C2C49FB4500D80139 /* InbodyInputView.swift */,
				E10FD99E2C49FECB00D80139 /* OnboardingLoadingView.swift */,
				E10FD9A02C49FFF100D80139 /* EyeBodyView.swift */,
				E10FD9A22C4A066200D80139 /* OnboardingEndView.swift */,
			);
			path = Views;
			sourceTree = "<group>";
		};
		E24F5E7F2C48EBC300724DA7 /* Meal */ = {
			isa = PBXGroup;
			children = (
				E24F5E802C48EBD700724DA7 /* Views */,
			);
			path = Meal;
			sourceTree = "<group>";
		};
		E24F5E802C48EBD700724DA7 /* Views */ = {
			isa = PBXGroup;
			children = (
				3E3B9A852C5B2DA3001F2852 /* Components */,
				E24F5E812C48EC3400724DA7 /* MealMainView.swift */,
				E26D48BC2C49FBE300D63FE7 /* MemoModalView.swift */,
				E26D48BA2C49F93900D63FE7 /* MealChatBotView.swift */,
			);
			path = Views;
			sourceTree = "<group>";
		};
		E2CFF20C2C4E996900540500 /* Models */ = {
			isa = PBXGroup;
			children = (
				E2CFF20D2C4E999E00540500 /* Message.swift */,
				E2CFF20F2C4E9A1700540500 /* MealRecommendation.swift */,
			);
			path = Models;
			sourceTree = "<group>";
		};
		E2EB257C2C4E4DAB0094EC8E /* ChatBot */ = {
			isa = PBXGroup;
			children = (
				E2CFF20C2C4E996900540500 /* Models */,
				E2EB257D2C4E4DC50094EC8E /* Views */,
			);
			path = ChatBot;
			sourceTree = "<group>";
		};
		E2EB257D2C4E4DC50094EC8E /* Views */ = {
			isa = PBXGroup;
			children = (
				E2EB25782C4E48C30094EC8E /* ChatBotMainView.swift */,
				E2CFF2112C4E9D6300540500 /* InputFieldView.swift */,
				E2CFF2132C4EA29500540500 /* MessageBubble.swift */,
			);
			path = Views;
			sourceTree = "<group>";
		};
/* End PBXGroup section */

/* Begin PBXNativeTarget section */
		3EF6F0482C36937E00EEF18F /* FebirdApp */ = {
			isa = PBXNativeTarget;
			buildConfigurationList = 3EF6F06F2C36938000EEF18F /* Build configuration list for PBXNativeTarget "FebirdApp" */;
			buildPhases = (
				3EF6F0452C36937E00EEF18F /* Sources */,
				3EF6F0462C36937E00EEF18F /* Frameworks */,
				3EF6F0472C36937E00EEF18F /* Resources */,
				E1BB0D492C450ECE002565B2 /* ShellScript */,
			);
			buildRules = (
			);
			dependencies = (
			);
			name = FebirdApp;
			packageProductDependencies = (
			);
			productName = FebirdApp;
			productReference = 3EF6F0492C36937E00EEF18F /* FebirdApp.app */;
			productType = "com.apple.product-type.application";
		};
		3EF6F05A2C36938000EEF18F /* FebirdAppTests */ = {
			isa = PBXNativeTarget;
			buildConfigurationList = 3EF6F0722C36938000EEF18F /* Build configuration list for PBXNativeTarget "FebirdAppTests" */;
			buildPhases = (
				3EF6F0572C36938000EEF18F /* Sources */,
				3EF6F0582C36938000EEF18F /* Frameworks */,
				3EF6F0592C36938000EEF18F /* Resources */,
			);
			buildRules = (
			);
			dependencies = (
				3EF6F05D2C36938000EEF18F /* PBXTargetDependency */,
			);
			name = FebirdAppTests;
			productName = FebirdAppTests;
			productReference = 3EF6F05B2C36938000EEF18F /* FebirdAppTests.xctest */;
			productType = "com.apple.product-type.bundle.unit-test";
		};
		3EF6F0642C36938000EEF18F /* FebirdAppUITests */ = {
			isa = PBXNativeTarget;
			buildConfigurationList = 3EF6F0752C36938000EEF18F /* Build configuration list for PBXNativeTarget "FebirdAppUITests" */;
			buildPhases = (
				3EF6F0612C36938000EEF18F /* Sources */,
				3EF6F0622C36938000EEF18F /* Frameworks */,
				3EF6F0632C36938000EEF18F /* Resources */,
			);
			buildRules = (
			);
			dependencies = (
				3EF6F0672C36938000EEF18F /* PBXTargetDependency */,
			);
			name = FebirdAppUITests;
			productName = FebirdAppUITests;
			productReference = 3EF6F0652C36938000EEF18F /* FebirdAppUITests.xctest */;
			productType = "com.apple.product-type.bundle.ui-testing";
		};
/* End PBXNativeTarget section */

/* Begin PBXProject section */
		3EF6F0412C36937D00EEF18F /* Project object */ = {
			isa = PBXProject;
			attributes = {
				BuildIndependentTargetsInParallel = 1;
				LastSwiftUpdateCheck = 1540;
				LastUpgradeCheck = 1540;
				TargetAttributes = {
					3EF6F0482C36937E00EEF18F = {
						CreatedOnToolsVersion = 15.4;
					};
					3EF6F05A2C36938000EEF18F = {
						CreatedOnToolsVersion = 15.4;
						TestTargetID = 3EF6F0482C36937E00EEF18F;
					};
					3EF6F0642C36938000EEF18F = {
						CreatedOnToolsVersion = 15.4;
						TestTargetID = 3EF6F0482C36937E00EEF18F;
					};
				};
			};
			buildConfigurationList = 3EF6F0442C36937D00EEF18F /* Build configuration list for PBXProject "FebirdApp" */;
			compatibilityVersion = "Xcode 14.0";
			developmentRegion = en;
			hasScannedForEncodings = 0;
			knownRegions = (
				en,
				Base,
			);
			mainGroup = 3EF6F0402C36937D00EEF18F;
			packageReferences = (
				3E3B9A842C5B2CDF001F2852 /* XCRemoteSwiftPackageReference "SwiftLintPlugins" */,
			);
			productRefGroup = 3EF6F04A2C36937E00EEF18F /* Products */;
			projectDirPath = "";
			projectRoot = "";
			targets = (
				3EF6F0482C36937E00EEF18F /* FebirdApp */,
				3EF6F05A2C36938000EEF18F /* FebirdAppTests */,
				3EF6F0642C36938000EEF18F /* FebirdAppUITests */,
			);
		};
/* End PBXProject section */

/* Begin PBXResourcesBuildPhase section */
		3EF6F0472C36937E00EEF18F /* Resources */ = {
			isa = PBXResourcesBuildPhase;
			buildActionMask = 2147483647;
			files = (
				E1BB0D4C2C450F1C002565B2 /* .swiftlint.yml in Resources */,
				3E9E9E212C44E7DB002389EB /* WorkSans-ExtraBold.ttf in Resources */,
				3EF6F0562C36937F00EEF18F /* Preview Assets.xcassets in Resources */,
				3E9E9E242C44E7DB002389EB /* WorkSans-SemiBold.ttf in Resources */,
				3E9E9E322C44E7FC002389EB /* IBMPlexSansKR-Thin.ttf in Resources */,
				3E9E9E352C44E7FC002389EB /* IBMPlexSansKR-Bold.ttf in Resources */,
				3E9E9E272C44E7DB002389EB /* WorkSans-Medium.ttf in Resources */,
				3E9E9E342C44E7FC002389EB /* IBMPlexSansKR-SemiBold.ttf in Resources */,
				3E9E9E302C44E7FC002389EB /* IBMPlexSansKR-ExtraLight.ttf in Resources */,
				3E9E9E312C44E7FC002389EB /* IBMPlexSansKR-Light.ttf in Resources */,
				3E9E9E362C44E7FC002389EB /* IBMPlexSansKR-Medium.ttf in Resources */,
				3E9E9E202C44E7DB002389EB /* WorkSans-Light.ttf in Resources */,
				3E9E9E282C44E7DB002389EB /* WorkSans-Thin.ttf in Resources */,
				3EF6F0532C36937F00EEF18F /* Assets.xcassets in Resources */,
				3E9E9E222C44E7DB002389EB /* WorkSans-Black.ttf in Resources */,
				3E9E9E332C44E7FC002389EB /* IBMPlexSansKR-Regular.ttf in Resources */,
				3E9E9E232C44E7DB002389EB /* WorkSans-Bold.ttf in Resources */,
				3E9E9E262C44E7DB002389EB /* WorkSans-ExtraLight.ttf in Resources */,
				3E9E9E252C44E7DB002389EB /* WorkSans-Regular.ttf in Resources */,
			);
			runOnlyForDeploymentPostprocessing = 0;
		};
		3EF6F0592C36938000EEF18F /* Resources */ = {
			isa = PBXResourcesBuildPhase;
			buildActionMask = 2147483647;
			files = (
			);
			runOnlyForDeploymentPostprocessing = 0;
		};
		3EF6F0632C36938000EEF18F /* Resources */ = {
			isa = PBXResourcesBuildPhase;
			buildActionMask = 2147483647;
			files = (
			);
			runOnlyForDeploymentPostprocessing = 0;
		};
/* End PBXResourcesBuildPhase section */

/* Begin PBXShellScriptBuildPhase section */
		E1BB0D492C450ECE002565B2 /* ShellScript */ = {
			isa = PBXShellScriptBuildPhase;
			alwaysOutOfDate = 1;
			buildActionMask = 2147483647;
			files = (
			);
			inputFileListPaths = (
			);
			inputPaths = (
			);
			outputFileListPaths = (
			);
			outputPaths = (
			);
			runOnlyForDeploymentPostprocessing = 0;
			shellPath = /bin/sh;
			shellScript = "# Type a script or drag a script file from your workspace to insert its path.\nif [[ \"$(uname -m)\" == arm64 ]]\nthen\n    export PATH=\"/opt/homebrew/bin:$PATH\"\nfi\n\nif command -v swiftlint >/dev/null 2>&1\nthen\n    swiftlint --fix && swiftlint\nelse\n    echo \"warning: `swiftlint` command not found - See https://github.com/realm/SwiftLint#installation for installation instructions.\"\nfi\n";
		};
/* End PBXShellScriptBuildPhase section */

/* Begin PBXSourcesBuildPhase section */
		3EF6F0452C36937E00EEF18F /* Sources */ = {
			isa = PBXSourcesBuildPhase;
			buildActionMask = 2147483647;
			files = (
				E2EB25792C4E48C30094EC8E /* ChatBotMainView.swift in Sources */,
				8F92DF912C4D68B40071F336 /* ExerciseRoutineLogView.swift in Sources */,
				E2CFF2122C4E9D6300540500 /* InputFieldView.swift in Sources */,
				8F92DF892C4D4A440071F336 /* TimerButton.swift in Sources */,
				E26D48B52C48F50D00D63FE7 /* AIMealRecomendationView.swift in Sources */,
				E24F5E822C48EC3400724DA7 /* MealMainView.swift in Sources */,
				8F92DF7C2C4B9A390071F336 /* CustomNavigationBar.swift in Sources */,
				3ED5FD8E2C4A020200CD4508 /* CustomButtonView.swift in Sources */,
				E1BB0D602C4800E2002565B2 /* OnboardingTextField.swift in Sources */,
				3E5F3EFC2C5B57A9007023DC /* ProfileViewSelector.swift in Sources */,
				E12911BD2C48FDBA009A92F7 /* InbodyFixView.swift in Sources */,
				3E7521A52C48E6C700920BFD /* ExerciseMainView.swift in Sources */,
				8F92DF852C4BB0B40071F336 /* ExerciseGuideTextView.swift in Sources */,
				E2A2F7E42C4F3C09000AD404 /* SettingsView.swift in Sources */,
				8FAC18822C4B8BA800CDF7CF /* ExerciseItemView.swift in Sources */,
				8FAC18872C4B8CBA00CDF7CF /* ExerciseListView.swift in Sources */,
				3E5F3F002C5B94CA007023DC /* AlbumData.swift in Sources */,
				E2CFF2162C4EBC5500540500 /* ExerciseRecordView.swift in Sources */,
				8F92DF8D2C4D58570071F336 /* ExerciseTimerViewModel.swift in Sources */,
				8F92DF7E2C4BA9750071F336 /* ExerciseGuideListView.swift in Sources */,
				E24CF94E2C4F887100D1548E /* CustomToggle.swift in Sources */,
				E12911BB2C48EDFE009A92F7 /* PhotoPicker.swift in Sources */,
				8F92DF952C4D74A10071F336 /* ExerciseGraduationView.swift in Sources */,
				E1BB0D5C2C47B15A002565B2 /* OnboardingProfileSelectionView.swift in Sources */,
				3E3B9A872C5B2E3E001F2852 /* View+Extension.swift in Sources */,
				8F92DF872C4D33870071F336 /* ExerciseTimerSettingView.swift in Sources */,
				E10FD9B22C4CC06000D80139 /* InbodyGraphView.swift in Sources */,
				3E3B9A892C5B2F62001F2852 /* Constants.swift in Sources */,
				E10FD9A12C49FFF100D80139 /* EyeBodyView.swift in Sources */,
				E1BB0D552C47985D002565B2 /* OnboardingGaugeView.swift in Sources */,
				3E7521AB2C48F66F00920BFD /* RoundedCorners.swift in Sources */,
				3E3B9A832C5B29AA001F2852 /* ViewOptions.swift in Sources */,
				3E5F3F012C5B94CA007023DC /* PhotoData.swift in Sources */,
				E2CFF2142C4EA29500540500 /* MessageBubble.swift in Sources */,
				8FAC187F2C494BDE00CDF7CF /* ExerciseGaugeBarView.swift in Sources */,
				8F92DF8F2C4D58710071F336 /* TimerView.swift in Sources */,
				E24CF9542C4F99E500D1548E /* ProfileSettingView.swift in Sources */,
				E1BB0D5E2C47F9F7002565B2 /* OnboardingSelectGenderButton.swift in Sources */,
				8F92DF8B2C4D506E0071F336 /* ExerciseRestTimerView.swift in Sources */,
				E26D48B92C49F18800D63FE7 /* MemoRow.swift in Sources */,
				E26D48BB2C49F93900D63FE7 /* MealChatBotView.swift in Sources */,
				E10FD99D2C49FB4500D80139 /* InbodyInputView.swift in Sources */,
				3E7521AD2C49F88B00920BFD /* CustomTabBarView.swift in Sources */,
				E10FD9B02C4CC01700D80139 /* InbodyMainView.swift in Sources */,
				E2CFF20E2C4E999E00540500 /* Message.swift in Sources */,
				E1AEFC952C4D10BE000D6441 /* AlbumView.swift in Sources */,
				3E9D1FD52C4E346E00302F7E /* ProfileSelectView.swift in Sources */,
				E12911B92C48DC82009A92F7 /* CameraActionSheet.swift in Sources */,
				E10FD99F2C49FECB00D80139 /* OnboardingLoadingView.swift in Sources */,
				E1BB0D622C48A875002565B2 /* InbodyAddView.swift in Sources */,
				E2FDD2572C4B93AF004067EF /* WeeklyCalendar.swift in Sources */,
				3E3B9A8E2C5B500E001F2852 /* SocialLoginView.swift in Sources */,
				E1BB0D582C479CF7002565B2 /* OnboardingWelcomView.swift in Sources */,
				E1AEFC992C4D3F50000D6441 /* EyeBodyMainView.swift in Sources */,
				E2FDD25B2C4BA6F2004067EF /* MealMainheaderView.swift in Sources */,
				8F92DF812C4BB0230071F336 /* ExerciseGuideViewModel.swift in Sources */,
				E1BB0D5A2C47A4FB002565B2 /* OnboardingSelectUserInfoView.swift in Sources */,
				E10FD9A32C4A066200D80139 /* OnboardingEndView.swift in Sources */,
				8F92DF932C4D71A40071F336 /* ExerciseRoutineCompletionView.swift in Sources */,
				E1AEFC932C4D10AD000D6441 /* AlbumMainView.swift in Sources */,
				E10FD9AE2C4C16AA00D80139 /* ProfileHeaderView.swift in Sources */,
				8F92DF832C4BB0970071F336 /* VideoPlayerView.swift in Sources */,
				E24CF9502C4F891A00D1548E /* ProfileSettingHeaderView.swift in Sources */,
				3E3B9A812C5B29A2001F2852 /* NavigationPathFinder.swift in Sources */,
				E1AEFC972C4D2E69000D6441 /* AlbumDetailView.swift in Sources */,
				8FAC18852C4B8C4200CDF7CF /* ExerciseItem.swift in Sources */,
				3EFC450C2C44F882001052C7 /* Font+Extension.swift in Sources */,
				E2CFF2102C4E9A1700540500 /* MealRecommendation.swift in Sources */,
				E26D48BD2C49FBE300D63FE7 /* MemoModalView.swift in Sources */,
				3EF6F04D2C36937E00EEF18F /* FebirdAppApp.swift in Sources */,
				E2CFF2182C4EBED700540500 /* ExerciseRecordListView.swift in Sources */,
				8F92DF7A2C4B93730071F336 /* ExerciseGuideView.swift in Sources */,
				E25F3BF42C4F4D1700688718 /* CustomCell.swift in Sources */,
				3E7521A82C48F63E00920BFD /* ExerciseMainHeaderView.swift in Sources */,
			);
			runOnlyForDeploymentPostprocessing = 0;
		};
		3EF6F0572C36938000EEF18F /* Sources */ = {
			isa = PBXSourcesBuildPhase;
			buildActionMask = 2147483647;
			files = (
				3EF6F0602C36938000EEF18F /* FebirdAppTests.swift in Sources */,
			);
			runOnlyForDeploymentPostprocessing = 0;
		};
		3EF6F0612C36938000EEF18F /* Sources */ = {
			isa = PBXSourcesBuildPhase;
			buildActionMask = 2147483647;
			files = (
				3EF6F06C2C36938000EEF18F /* FebirdAppUITestsLaunchTests.swift in Sources */,
				3EF6F06A2C36938000EEF18F /* FebirdAppUITests.swift in Sources */,
			);
			runOnlyForDeploymentPostprocessing = 0;
		};
/* End PBXSourcesBuildPhase section */

/* Begin PBXTargetDependency section */
		3EF6F05D2C36938000EEF18F /* PBXTargetDependency */ = {
			isa = PBXTargetDependency;
			target = 3EF6F0482C36937E00EEF18F /* FebirdApp */;
			targetProxy = 3EF6F05C2C36938000EEF18F /* PBXContainerItemProxy */;
		};
		3EF6F0672C36938000EEF18F /* PBXTargetDependency */ = {
			isa = PBXTargetDependency;
			target = 3EF6F0482C36937E00EEF18F /* FebirdApp */;
			targetProxy = 3EF6F0662C36938000EEF18F /* PBXContainerItemProxy */;
		};
/* End PBXTargetDependency section */

/* Begin XCBuildConfiguration section */
		3EF6F06D2C36938000EEF18F /* Debug */ = {
			isa = XCBuildConfiguration;
			buildSettings = {
				ALWAYS_SEARCH_USER_PATHS = NO;
				ASSETCATALOG_COMPILER_GENERATE_SWIFT_ASSET_SYMBOL_EXTENSIONS = YES;
				CLANG_ANALYZER_NONNULL = YES;
				CLANG_ANALYZER_NUMBER_OBJECT_CONVERSION = YES_AGGRESSIVE;
				CLANG_CXX_LANGUAGE_STANDARD = "gnu++20";
				CLANG_ENABLE_MODULES = YES;
				CLANG_ENABLE_OBJC_ARC = YES;
				CLANG_ENABLE_OBJC_WEAK = YES;
				CLANG_WARN_BLOCK_CAPTURE_AUTORELEASING = YES;
				CLANG_WARN_BOOL_CONVERSION = YES;
				CLANG_WARN_COMMA = YES;
				CLANG_WARN_CONSTANT_CONVERSION = YES;
				CLANG_WARN_DEPRECATED_OBJC_IMPLEMENTATIONS = YES;
				CLANG_WARN_DIRECT_OBJC_ISA_USAGE = YES_ERROR;
				CLANG_WARN_DOCUMENTATION_COMMENTS = YES;
				CLANG_WARN_EMPTY_BODY = YES;
				CLANG_WARN_ENUM_CONVERSION = YES;
				CLANG_WARN_INFINITE_RECURSION = YES;
				CLANG_WARN_INT_CONVERSION = YES;
				CLANG_WARN_NON_LITERAL_NULL_CONVERSION = YES;
				CLANG_WARN_OBJC_IMPLICIT_RETAIN_SELF = YES;
				CLANG_WARN_OBJC_LITERAL_CONVERSION = YES;
				CLANG_WARN_OBJC_ROOT_CLASS = YES_ERROR;
				CLANG_WARN_QUOTED_INCLUDE_IN_FRAMEWORK_HEADER = YES;
				CLANG_WARN_RANGE_LOOP_ANALYSIS = YES;
				CLANG_WARN_STRICT_PROTOTYPES = YES;
				CLANG_WARN_SUSPICIOUS_MOVE = YES;
				CLANG_WARN_UNGUARDED_AVAILABILITY = YES_AGGRESSIVE;
				CLANG_WARN_UNREACHABLE_CODE = YES;
				CLANG_WARN__DUPLICATE_METHOD_MATCH = YES;
				COPY_PHASE_STRIP = NO;
				DEBUG_INFORMATION_FORMAT = dwarf;
				ENABLE_STRICT_OBJC_MSGSEND = YES;
				ENABLE_TESTABILITY = YES;
				ENABLE_USER_SCRIPT_SANDBOXING = YES;
				GCC_C_LANGUAGE_STANDARD = gnu17;
				GCC_DYNAMIC_NO_PIC = NO;
				GCC_NO_COMMON_BLOCKS = YES;
				GCC_OPTIMIZATION_LEVEL = 0;
				GCC_PREPROCESSOR_DEFINITIONS = (
					"DEBUG=1",
					"$(inherited)",
				);
				GCC_WARN_64_TO_32_BIT_CONVERSION = YES;
				GCC_WARN_ABOUT_RETURN_TYPE = YES_ERROR;
				GCC_WARN_UNDECLARED_SELECTOR = YES;
				GCC_WARN_UNINITIALIZED_AUTOS = YES_AGGRESSIVE;
				GCC_WARN_UNUSED_FUNCTION = YES;
				GCC_WARN_UNUSED_VARIABLE = YES;
				IPHONEOS_DEPLOYMENT_TARGET = 17.0;
				LOCALIZATION_PREFERS_STRING_CATALOGS = YES;
				MTL_ENABLE_DEBUG_INFO = INCLUDE_SOURCE;
				MTL_FAST_MATH = YES;
				ONLY_ACTIVE_ARCH = YES;
				SDKROOT = iphoneos;
				SWIFT_ACTIVE_COMPILATION_CONDITIONS = "DEBUG $(inherited)";
				SWIFT_OPTIMIZATION_LEVEL = "-Onone";
			};
			name = Debug;
		};
		3EF6F06E2C36938000EEF18F /* Release */ = {
			isa = XCBuildConfiguration;
			buildSettings = {
				ALWAYS_SEARCH_USER_PATHS = NO;
				ASSETCATALOG_COMPILER_GENERATE_SWIFT_ASSET_SYMBOL_EXTENSIONS = YES;
				CLANG_ANALYZER_NONNULL = YES;
				CLANG_ANALYZER_NUMBER_OBJECT_CONVERSION = YES_AGGRESSIVE;
				CLANG_CXX_LANGUAGE_STANDARD = "gnu++20";
				CLANG_ENABLE_MODULES = YES;
				CLANG_ENABLE_OBJC_ARC = YES;
				CLANG_ENABLE_OBJC_WEAK = YES;
				CLANG_WARN_BLOCK_CAPTURE_AUTORELEASING = YES;
				CLANG_WARN_BOOL_CONVERSION = YES;
				CLANG_WARN_COMMA = YES;
				CLANG_WARN_CONSTANT_CONVERSION = YES;
				CLANG_WARN_DEPRECATED_OBJC_IMPLEMENTATIONS = YES;
				CLANG_WARN_DIRECT_OBJC_ISA_USAGE = YES_ERROR;
				CLANG_WARN_DOCUMENTATION_COMMENTS = YES;
				CLANG_WARN_EMPTY_BODY = YES;
				CLANG_WARN_ENUM_CONVERSION = YES;
				CLANG_WARN_INFINITE_RECURSION = YES;
				CLANG_WARN_INT_CONVERSION = YES;
				CLANG_WARN_NON_LITERAL_NULL_CONVERSION = YES;
				CLANG_WARN_OBJC_IMPLICIT_RETAIN_SELF = YES;
				CLANG_WARN_OBJC_LITERAL_CONVERSION = YES;
				CLANG_WARN_OBJC_ROOT_CLASS = YES_ERROR;
				CLANG_WARN_QUOTED_INCLUDE_IN_FRAMEWORK_HEADER = YES;
				CLANG_WARN_RANGE_LOOP_ANALYSIS = YES;
				CLANG_WARN_STRICT_PROTOTYPES = YES;
				CLANG_WARN_SUSPICIOUS_MOVE = YES;
				CLANG_WARN_UNGUARDED_AVAILABILITY = YES_AGGRESSIVE;
				CLANG_WARN_UNREACHABLE_CODE = YES;
				CLANG_WARN__DUPLICATE_METHOD_MATCH = YES;
				COPY_PHASE_STRIP = NO;
				DEBUG_INFORMATION_FORMAT = "dwarf-with-dsym";
				ENABLE_NS_ASSERTIONS = NO;
				ENABLE_STRICT_OBJC_MSGSEND = YES;
				ENABLE_USER_SCRIPT_SANDBOXING = YES;
				GCC_C_LANGUAGE_STANDARD = gnu17;
				GCC_NO_COMMON_BLOCKS = YES;
				GCC_WARN_64_TO_32_BIT_CONVERSION = YES;
				GCC_WARN_ABOUT_RETURN_TYPE = YES_ERROR;
				GCC_WARN_UNDECLARED_SELECTOR = YES;
				GCC_WARN_UNINITIALIZED_AUTOS = YES_AGGRESSIVE;
				GCC_WARN_UNUSED_FUNCTION = YES;
				GCC_WARN_UNUSED_VARIABLE = YES;
				IPHONEOS_DEPLOYMENT_TARGET = 17.0;
				LOCALIZATION_PREFERS_STRING_CATALOGS = YES;
				MTL_ENABLE_DEBUG_INFO = NO;
				MTL_FAST_MATH = YES;
				SDKROOT = iphoneos;
				SWIFT_COMPILATION_MODE = wholemodule;
				VALIDATE_PRODUCT = YES;
			};
			name = Release;
		};
		3EF6F0702C36938000EEF18F /* Debug */ = {
			isa = XCBuildConfiguration;
			buildSettings = {
				ASSETCATALOG_COMPILER_APPICON_NAME = AppIcon;
				ASSETCATALOG_COMPILER_GLOBAL_ACCENT_COLOR_NAME = AccentColor;
				CODE_SIGN_STYLE = Automatic;
				CURRENT_PROJECT_VERSION = 1;
				DEVELOPMENT_ASSET_PATHS = "\"FebirdApp/Preview Content\"";
				DEVELOPMENT_TEAM = 8YXQMG6LKS;
				ENABLE_PREVIEWS = YES;
				ENABLE_USER_SCRIPT_SANDBOXING = NO;
				GENERATE_INFOPLIST_FILE = YES;
				INFOPLIST_FILE = FebirdApp/Resources/Info.plist;
				INFOPLIST_KEY_NSCameraUsageDescription = "사용자가 인바디 사진과 프로필 사진을 등록하기 위해 권한이 필요합니다.";
				INFOPLIST_KEY_UIApplicationSceneManifest_Generation = YES;
				INFOPLIST_KEY_UIApplicationSupportsIndirectInputEvents = YES;
				INFOPLIST_KEY_UILaunchScreen_Generation = YES;
				INFOPLIST_KEY_UISupportedInterfaceOrientations_iPad = "UIInterfaceOrientationPortrait UIInterfaceOrientationPortraitUpsideDown UIInterfaceOrientationLandscapeLeft UIInterfaceOrientationLandscapeRight";
				INFOPLIST_KEY_UISupportedInterfaceOrientations_iPhone = "UIInterfaceOrientationPortrait UIInterfaceOrientationLandscapeLeft UIInterfaceOrientationLandscapeRight";
				LD_RUNPATH_SEARCH_PATHS = (
					"$(inherited)",
					"@executable_path/Frameworks",
				);
				MARKETING_VERSION = 1.0;
				PRODUCT_BUNDLE_IDENTIFIER = org.colorchips.FebirdApp;
				PRODUCT_NAME = "$(TARGET_NAME)";
				SWIFT_EMIT_LOC_STRINGS = YES;
				SWIFT_VERSION = 5.0;
				TARGETED_DEVICE_FAMILY = "1,2";
			};
			name = Debug;
		};
		3EF6F0712C36938000EEF18F /* Release */ = {
			isa = XCBuildConfiguration;
			buildSettings = {
				ASSETCATALOG_COMPILER_APPICON_NAME = AppIcon;
				ASSETCATALOG_COMPILER_GLOBAL_ACCENT_COLOR_NAME = AccentColor;
				CODE_SIGN_STYLE = Automatic;
				CURRENT_PROJECT_VERSION = 1;
				DEVELOPMENT_ASSET_PATHS = "\"FebirdApp/Preview Content\"";
				DEVELOPMENT_TEAM = 8YXQMG6LKS;
				ENABLE_PREVIEWS = YES;
				ENABLE_USER_SCRIPT_SANDBOXING = NO;
				GENERATE_INFOPLIST_FILE = YES;
				INFOPLIST_FILE = FebirdApp/Resources/Info.plist;
				INFOPLIST_KEY_NSCameraUsageDescription = "사용자가 인바디 사진과 프로필 사진을 등록하기 위해 권한이 필요합니다.";
				INFOPLIST_KEY_UIApplicationSceneManifest_Generation = YES;
				INFOPLIST_KEY_UIApplicationSupportsIndirectInputEvents = YES;
				INFOPLIST_KEY_UILaunchScreen_Generation = YES;
				INFOPLIST_KEY_UISupportedInterfaceOrientations_iPad = "UIInterfaceOrientationPortrait UIInterfaceOrientationPortraitUpsideDown UIInterfaceOrientationLandscapeLeft UIInterfaceOrientationLandscapeRight";
				INFOPLIST_KEY_UISupportedInterfaceOrientations_iPhone = "UIInterfaceOrientationPortrait UIInterfaceOrientationLandscapeLeft UIInterfaceOrientationLandscapeRight";
				LD_RUNPATH_SEARCH_PATHS = (
					"$(inherited)",
					"@executable_path/Frameworks",
				);
				MARKETING_VERSION = 1.0;
				PRODUCT_BUNDLE_IDENTIFIER = org.colorchips.FebirdApp;
				PRODUCT_NAME = "$(TARGET_NAME)";
				SWIFT_EMIT_LOC_STRINGS = YES;
				SWIFT_VERSION = 5.0;
				TARGETED_DEVICE_FAMILY = "1,2";
			};
			name = Release;
		};
		3EF6F0732C36938000EEF18F /* Debug */ = {
			isa = XCBuildConfiguration;
			buildSettings = {
				ALWAYS_EMBED_SWIFT_STANDARD_LIBRARIES = YES;
				BUNDLE_LOADER = "$(TEST_HOST)";
				CODE_SIGN_STYLE = Automatic;
				CURRENT_PROJECT_VERSION = 1;
				DEVELOPMENT_TEAM = 62SDS28JUT;
				GENERATE_INFOPLIST_FILE = YES;
				IPHONEOS_DEPLOYMENT_TARGET = 17.5;
				MARKETING_VERSION = 1.0;
				PRODUCT_BUNDLE_IDENTIFIER = org.colorchips.FebirdAppTests;
				PRODUCT_NAME = "$(TARGET_NAME)";
				SWIFT_EMIT_LOC_STRINGS = NO;
				SWIFT_VERSION = 5.0;
				TARGETED_DEVICE_FAMILY = "1,2";
				TEST_HOST = "$(BUILT_PRODUCTS_DIR)/FebirdApp.app/$(BUNDLE_EXECUTABLE_FOLDER_PATH)/FebirdApp";
			};
			name = Debug;
		};
		3EF6F0742C36938000EEF18F /* Release */ = {
			isa = XCBuildConfiguration;
			buildSettings = {
				ALWAYS_EMBED_SWIFT_STANDARD_LIBRARIES = YES;
				BUNDLE_LOADER = "$(TEST_HOST)";
				CODE_SIGN_STYLE = Automatic;
				CURRENT_PROJECT_VERSION = 1;
				DEVELOPMENT_TEAM = 62SDS28JUT;
				GENERATE_INFOPLIST_FILE = YES;
				IPHONEOS_DEPLOYMENT_TARGET = 17.5;
				MARKETING_VERSION = 1.0;
				PRODUCT_BUNDLE_IDENTIFIER = org.colorchips.FebirdAppTests;
				PRODUCT_NAME = "$(TARGET_NAME)";
				SWIFT_EMIT_LOC_STRINGS = NO;
				SWIFT_VERSION = 5.0;
				TARGETED_DEVICE_FAMILY = "1,2";
				TEST_HOST = "$(BUILT_PRODUCTS_DIR)/FebirdApp.app/$(BUNDLE_EXECUTABLE_FOLDER_PATH)/FebirdApp";
			};
			name = Release;
		};
		3EF6F0762C36938000EEF18F /* Debug */ = {
			isa = XCBuildConfiguration;
			buildSettings = {
				ALWAYS_EMBED_SWIFT_STANDARD_LIBRARIES = YES;
				CODE_SIGN_STYLE = Automatic;
				CURRENT_PROJECT_VERSION = 1;
				DEVELOPMENT_TEAM = 62SDS28JUT;
				GENERATE_INFOPLIST_FILE = YES;
				MARKETING_VERSION = 1.0;
				PRODUCT_BUNDLE_IDENTIFIER = org.colorchips.FebirdAppUITests;
				PRODUCT_NAME = "$(TARGET_NAME)";
				SWIFT_EMIT_LOC_STRINGS = NO;
				SWIFT_VERSION = 5.0;
				TARGETED_DEVICE_FAMILY = "1,2";
				TEST_TARGET_NAME = FebirdApp;
			};
			name = Debug;
		};
		3EF6F0772C36938000EEF18F /* Release */ = {
			isa = XCBuildConfiguration;
			buildSettings = {
				ALWAYS_EMBED_SWIFT_STANDARD_LIBRARIES = YES;
				CODE_SIGN_STYLE = Automatic;
				CURRENT_PROJECT_VERSION = 1;
				DEVELOPMENT_TEAM = 62SDS28JUT;
				GENERATE_INFOPLIST_FILE = YES;
				MARKETING_VERSION = 1.0;
				PRODUCT_BUNDLE_IDENTIFIER = org.colorchips.FebirdAppUITests;
				PRODUCT_NAME = "$(TARGET_NAME)";
				SWIFT_EMIT_LOC_STRINGS = NO;
				SWIFT_VERSION = 5.0;
				TARGETED_DEVICE_FAMILY = "1,2";
				TEST_TARGET_NAME = FebirdApp;
			};
			name = Release;
		};
/* End XCBuildConfiguration section */

/* Begin XCConfigurationList section */
		3EF6F0442C36937D00EEF18F /* Build configuration list for PBXProject "FebirdApp" */ = {
			isa = XCConfigurationList;
			buildConfigurations = (
				3EF6F06D2C36938000EEF18F /* Debug */,
				3EF6F06E2C36938000EEF18F /* Release */,
			);
			defaultConfigurationIsVisible = 0;
			defaultConfigurationName = Release;
		};
		3EF6F06F2C36938000EEF18F /* Build configuration list for PBXNativeTarget "FebirdApp" */ = {
			isa = XCConfigurationList;
			buildConfigurations = (
				3EF6F0702C36938000EEF18F /* Debug */,
				3EF6F0712C36938000EEF18F /* Release */,
			);
			defaultConfigurationIsVisible = 0;
			defaultConfigurationName = Release;
		};
		3EF6F0722C36938000EEF18F /* Build configuration list for PBXNativeTarget "FebirdAppTests" */ = {
			isa = XCConfigurationList;
			buildConfigurations = (
				3EF6F0732C36938000EEF18F /* Debug */,
				3EF6F0742C36938000EEF18F /* Release */,
			);
			defaultConfigurationIsVisible = 0;
			defaultConfigurationName = Release;
		};
		3EF6F0752C36938000EEF18F /* Build configuration list for PBXNativeTarget "FebirdAppUITests" */ = {
			isa = XCConfigurationList;
			buildConfigurations = (
				3EF6F0762C36938000EEF18F /* Debug */,
				3EF6F0772C36938000EEF18F /* Release */,
			);
			defaultConfigurationIsVisible = 0;
			defaultConfigurationName = Release;
		};
/* End XCConfigurationList section */

/* Begin XCRemoteSwiftPackageReference section */
		3E3B9A842C5B2CDF001F2852 /* XCRemoteSwiftPackageReference "SwiftLintPlugins" */ = {
			isa = XCRemoteSwiftPackageReference;
			repositoryURL = "https://github.com/SimplyDanny/SwiftLintPlugins.git";
			requirement = {
				kind = upToNextMinorVersion;
				minimumVersion = 0.55.1;
			};
		};
/* End XCRemoteSwiftPackageReference section */
	};
	rootObject = 3EF6F0412C36937D00EEF18F /* Project object */;
}
