// !$*UTF8*$!
{
	archiveVersion = 1;
	classes = {
	};
	objectVersion = 56;
	objects = {

/* Begin PBXBuildFile section */
		3EF6F04D2C36937E00EEF18F /* FebirdAppApp.swift in Sources */ = {isa = PBXBuildFile; fileRef = 3EF6F04C2C36937E00EEF18F /* FebirdAppApp.swift */; };
		3EF6F04F2C36937E00EEF18F /* ContentView.swift in Sources */ = {isa = PBXBuildFile; fileRef = 3EF6F04E2C36937E00EEF18F /* ContentView.swift */; };
		3EF6F0512C36937E00EEF18F /* Item.swift in Sources */ = {isa = PBXBuildFile; fileRef = 3EF6F0502C36937E00EEF18F /* Item.swift */; };
		3EF6F0532C36937F00EEF18F /* Assets.xcassets in Resources */ = {isa = PBXBuildFile; fileRef = 3EF6F0522C36937F00EEF18F /* Assets.xcassets */; };
		3EF6F0562C36937F00EEF18F /* Preview Assets.xcassets in Resources */ = {isa = PBXBuildFile; fileRef = 3EF6F0552C36937F00EEF18F /* Preview Assets.xcassets */; };
		3EF6F0602C36938000EEF18F /* FebirdAppTests.swift in Sources */ = {isa = PBXBuildFile; fileRef = 3EF6F05F2C36938000EEF18F /* FebirdAppTests.swift */; };
		3EF6F06A2C36938000EEF18F /* FebirdAppUITests.swift in Sources */ = {isa = PBXBuildFile; fileRef = 3EF6F0692C36938000EEF18F /* FebirdAppUITests.swift */; };
		3EF6F06C2C36938000EEF18F /* FebirdAppUITestsLaunchTests.swift in Sources */ = {isa = PBXBuildFile; fileRef = 3EF6F06B2C36938000EEF18F /* FebirdAppUITestsLaunchTests.swift */; };
		E1BB0D4C2C450F1C002565B2 /* .swiftlint.yml in Resources */ = {isa = PBXBuildFile; fileRef = E1BB0D4B2C450F1C002565B2 /* .swiftlint.yml */; };
/* End PBXBuildFile section */

/* Begin PBXContainerItemProxy section */
		3EF6F05C2C36938000EEF18F /* PBXContainerItemProxy */ = {
			isa = PBXContainerItemProxy;
			containerPortal = 3EF6F0412C36937D00EEF18F /* Project object */;
			proxyType = 1;
			remoteGlobalIDString = 3EF6F0482C36937E00EEF18F;
			remoteInfo = FebirdApp;
		};
		3EF6F0662C36938000EEF18F /* PBXContainerItemProxy */ = {
			isa = PBXContainerItemProxy;
			containerPortal = 3EF6F0412C36937D00EEF18F /* Project object */;
			proxyType = 1;
			remoteGlobalIDString = 3EF6F0482C36937E00EEF18F;
			remoteInfo = FebirdApp;
		};
/* End PBXContainerItemProxy section */

/* Begin PBXFileReference section */
		3EF6F0492C36937E00EEF18F /* FebirdApp.app */ = {isa = PBXFileReference; explicitFileType = wrapper.application; includeInIndex = 0; path = FebirdApp.app; sourceTree = BUILT_PRODUCTS_DIR; };
		3EF6F04C2C36937E00EEF18F /* FebirdAppApp.swift */ = {isa = PBXFileReference; lastKnownFileType = sourcecode.swift; path = FebirdAppApp.swift; sourceTree = "<group>"; };
		3EF6F04E2C36937E00EEF18F /* ContentView.swift */ = {isa = PBXFileReference; lastKnownFileType = sourcecode.swift; path = ContentView.swift; sourceTree = "<group>"; };
		3EF6F0502C36937E00EEF18F /* Item.swift */ = {isa = PBXFileReference; lastKnownFileType = sourcecode.swift; path = Item.swift; sourceTree = "<group>"; };
		3EF6F0522C36937F00EEF18F /* Assets.xcassets */ = {isa = PBXFileReference; lastKnownFileType = folder.assetcatalog; path = Assets.xcassets; sourceTree = "<group>"; };
		3EF6F0552C36937F00EEF18F /* Preview Assets.xcassets */ = {isa = PBXFileReference; lastKnownFileType = folder.assetcatalog; path = "Preview Assets.xcassets"; sourceTree = "<group>"; };
		3EF6F05B2C36938000EEF18F /* FebirdAppTests.xctest */ = {isa = PBXFileReference; explicitFileType = wrapper.cfbundle; includeInIndex = 0; path = FebirdAppTests.xctest; sourceTree = BUILT_PRODUCTS_DIR; };
		3EF6F05F2C36938000EEF18F /* FebirdAppTests.swift */ = {isa = PBXFileReference; lastKnownFileType = sourcecode.swift; path = FebirdAppTests.swift; sourceTree = "<group>"; };
		3EF6F0652C36938000EEF18F /* FebirdAppUITests.xctest */ = {isa = PBXFileReference; explicitFileType = wrapper.cfbundle; includeInIndex = 0; path = FebirdAppUITests.xctest; sourceTree = BUILT_PRODUCTS_DIR; };
		3EF6F0692C36938000EEF18F /* FebirdAppUITests.swift */ = {isa = PBXFileReference; lastKnownFileType = sourcecode.swift; path = FebirdAppUITests.swift; sourceTree = "<group>"; };
		3EF6F06B2C36938000EEF18F /* FebirdAppUITestsLaunchTests.swift */ = {isa = PBXFileReference; lastKnownFileType = sourcecode.swift; path = FebirdAppUITestsLaunchTests.swift; sourceTree = "<group>"; };
		E1BB0D382C44E615002565B2 /* Secret.xcconfig */ = {isa = PBXFileReference; lastKnownFileType = text.xcconfig; path = Secret.xcconfig; sourceTree = "<group>"; };
		E1BB0D392C44E7BF002565B2 /* Info.plist */ = {isa = PBXFileReference; lastKnownFileType = text.plist; path = Info.plist; sourceTree = "<group>"; };
		E1BB0D4B2C450F1C002565B2 /* .swiftlint.yml */ = {isa = PBXFileReference; fileEncoding = 4; lastKnownFileType = text.yaml; path = .swiftlint.yml; sourceTree = "<group>"; };
/* End PBXFileReference section */

/* Begin PBXFrameworksBuildPhase section */
		3EF6F0462C36937E00EEF18F /* Frameworks */ = {
			isa = PBXFrameworksBuildPhase;
			buildActionMask = 2147483647;
			files = (
			);
			runOnlyForDeploymentPostprocessing = 0;
		};
		3EF6F0582C36938000EEF18F /* Frameworks */ = {
			isa = PBXFrameworksBuildPhase;
			buildActionMask = 2147483647;
			files = (
			);
			runOnlyForDeploymentPostprocessing = 0;
		};
		3EF6F0622C36938000EEF18F /* Frameworks */ = {
			isa = PBXFrameworksBuildPhase;
			buildActionMask = 2147483647;
			files = (
			);
			runOnlyForDeploymentPostprocessing = 0;
		};
/* End PBXFrameworksBuildPhase section */

/* Begin PBXGroup section */
		3EF6F0402C36937D00EEF18F = {
			isa = PBXGroup;
			children = (
				E1BB0D4B2C450F1C002565B2 /* .swiftlint.yml */,
				3EF6F04B2C36937E00EEF18F /* FebirdApp */,
				3EF6F05E2C36938000EEF18F /* FebirdAppTests */,
				3EF6F0682C36938000EEF18F /* FebirdAppUITests */,
				3EF6F04A2C36937E00EEF18F /* Products */,
			);
			sourceTree = "<group>";
		};
		3EF6F04A2C36937E00EEF18F /* Products */ = {
			isa = PBXGroup;
			children = (
				3EF6F0492C36937E00EEF18F /* FebirdApp.app */,
				3EF6F05B2C36938000EEF18F /* FebirdAppTests.xctest */,
				3EF6F0652C36938000EEF18F /* FebirdAppUITests.xctest */,
			);
			name = Products;
			sourceTree = "<group>";
		};
		3EF6F04B2C36937E00EEF18F /* FebirdApp */ = {
			isa = PBXGroup;
			children = (
				E1BB0D392C44E7BF002565B2 /* Info.plist */,
				3EF6F04C2C36937E00EEF18F /* FebirdAppApp.swift */,
				3EF6F04E2C36937E00EEF18F /* ContentView.swift */,
				3EF6F0502C36937E00EEF18F /* Item.swift */,
				3EF6F0522C36937F00EEF18F /* Assets.xcassets */,
				3EF6F0542C36937F00EEF18F /* Preview Content */,
				E1BB0D382C44E615002565B2 /* Secret.xcconfig */,
			);
			path = FebirdApp;
			sourceTree = "<group>";
		};
		3EF6F0542C36937F00EEF18F /* Preview Content */ = {
			isa = PBXGroup;
			children = (
				3EF6F0552C36937F00EEF18F /* Preview Assets.xcassets */,
			);
			path = "Preview Content";
			sourceTree = "<group>";
		};
		3EF6F05E2C36938000EEF18F /* FebirdAppTests */ = {
			isa = PBXGroup;
			children = (
				3EF6F05F2C36938000EEF18F /* FebirdAppTests.swift */,
			);
			path = FebirdAppTests;
			sourceTree = "<group>";
		};
		3EF6F0682C36938000EEF18F /* FebirdAppUITests */ = {
			isa = PBXGroup;
			children = (
				3EF6F0692C36938000EEF18F /* FebirdAppUITests.swift */,
				3EF6F06B2C36938000EEF18F /* FebirdAppUITestsLaunchTests.swift */,
			);
			path = FebirdAppUITests;
			sourceTree = "<group>";
		};
/* End PBXGroup section */

/* Begin PBXNativeTarget section */
		3EF6F0482C36937E00EEF18F /* FebirdApp */ = {
			isa = PBXNativeTarget;
			buildConfigurationList = 3EF6F06F2C36938000EEF18F /* Build configuration list for PBXNativeTarget "FebirdApp" */;
			buildPhases = (
				3EF6F0452C36937E00EEF18F /* Sources */,
				3EF6F0462C36937E00EEF18F /* Frameworks */,
				3EF6F0472C36937E00EEF18F /* Resources */,
				E1BB0D492C450ECE002565B2 /* ShellScript */,
			);
			buildRules = (
			);
			dependencies = (
			);
			name = FebirdApp;
			productName = FebirdApp;
			productReference = 3EF6F0492C36937E00EEF18F /* FebirdApp.app */;
			productType = "com.apple.product-type.application";
		};
		3EF6F05A2C36938000EEF18F /* FebirdAppTests */ = {
			isa = PBXNativeTarget;
			buildConfigurationList = 3EF6F0722C36938000EEF18F /* Build configuration list for PBXNativeTarget "FebirdAppTests" */;
			buildPhases = (
				3EF6F0572C36938000EEF18F /* Sources */,
				3EF6F0582C36938000EEF18F /* Frameworks */,
				3EF6F0592C36938000EEF18F /* Resources */,
			);
			buildRules = (
			);
			dependencies = (
				3EF6F05D2C36938000EEF18F /* PBXTargetDependency */,
			);
			name = FebirdAppTests;
			productName = FebirdAppTests;
			productReference = 3EF6F05B2C36938000EEF18F /* FebirdAppTests.xctest */;
			productType = "com.apple.product-type.bundle.unit-test";
		};
		3EF6F0642C36938000EEF18F /* FebirdAppUITests */ = {
			isa = PBXNativeTarget;
			buildConfigurationList = 3EF6F0752C36938000EEF18F /* Build configuration list for PBXNativeTarget "FebirdAppUITests" */;
			buildPhases = (
				3EF6F0612C36938000EEF18F /* Sources */,
				3EF6F0622C36938000EEF18F /* Frameworks */,
				3EF6F0632C36938000EEF18F /* Resources */,
			);
			buildRules = (
			);
			dependencies = (
				3EF6F0672C36938000EEF18F /* PBXTargetDependency */,
			);
			name = FebirdAppUITests;
			productName = FebirdAppUITests;
			productReference = 3EF6F0652C36938000EEF18F /* FebirdAppUITests.xctest */;
			productType = "com.apple.product-type.bundle.ui-testing";
		};
/* End PBXNativeTarget section */

/* Begin PBXProject section */
		3EF6F0412C36937D00EEF18F /* Project object */ = {
			isa = PBXProject;
			attributes = {
				BuildIndependentTargetsInParallel = 1;
				LastSwiftUpdateCheck = 1540;
				LastUpgradeCheck = 1540;
				TargetAttributes = {
					3EF6F0482C36937E00EEF18F = {
						CreatedOnToolsVersion = 15.4;
					};
					3EF6F05A2C36938000EEF18F = {
						CreatedOnToolsVersion = 15.4;
						TestTargetID = 3EF6F0482C36937E00EEF18F;
					};
					3EF6F0642C36938000EEF18F = {
						CreatedOnToolsVersion = 15.4;
						TestTargetID = 3EF6F0482C36937E00EEF18F;
					};
				};
			};
			buildConfigurationList = 3EF6F0442C36937D00EEF18F /* Build configuration list for PBXProject "FebirdApp" */;
			compatibilityVersion = "Xcode 14.0";
			developmentRegion = en;
			hasScannedForEncodings = 0;
			knownRegions = (
				en,
				Base,
			);
			mainGroup = 3EF6F0402C36937D00EEF18F;
			packageReferences = (
				E1BB0D4A2C450F0B002565B2 /* XCRemoteSwiftPackageReference "SwiftLintPlugins" */,
			);
			productRefGroup = 3EF6F04A2C36937E00EEF18F /* Products */;
			projectDirPath = "";
			projectRoot = "";
			targets = (
				3EF6F0482C36937E00EEF18F /* FebirdApp */,
				3EF6F05A2C36938000EEF18F /* FebirdAppTests */,
				3EF6F0642C36938000EEF18F /* FebirdAppUITests */,
			);
		};
/* End PBXProject section */

/* Begin PBXResourcesBuildPhase section */
		3EF6F0472C36937E00EEF18F /* Resources */ = {
			isa = PBXResourcesBuildPhase;
			buildActionMask = 2147483647;
			files = (
				E1BB0D4C2C450F1C002565B2 /* .swiftlint.yml in Resources */,
				3EF6F0562C36937F00EEF18F /* Preview Assets.xcassets in Resources */,
				3EF6F0532C36937F00EEF18F /* Assets.xcassets in Resources */,
			);
			runOnlyForDeploymentPostprocessing = 0;
		};
		3EF6F0592C36938000EEF18F /* Resources */ = {
			isa = PBXResourcesBuildPhase;
			buildActionMask = 2147483647;
			files = (
			);
			runOnlyForDeploymentPostprocessing = 0;
		};
		3EF6F0632C36938000EEF18F /* Resources */ = {
			isa = PBXResourcesBuildPhase;
			buildActionMask = 2147483647;
			files = (
			);
			runOnlyForDeploymentPostprocessing = 0;
		};
/* End PBXResourcesBuildPhase section */

/* Begin PBXShellScriptBuildPhase section */
		E1BB0D492C450ECE002565B2 /* ShellScript */ = {
			isa = PBXShellScriptBuildPhase;
			buildActionMask = 2147483647;
			files = (
			);
			inputFileListPaths = (
			);
			inputPaths = (
			);
			outputFileListPaths = (
			);
			outputPaths = (
			);
			runOnlyForDeploymentPostprocessing = 0;
			shellPath = /bin/sh;
			shellScript = "# Type a script or drag a script file from your workspace to insert its path.\nif [[ \"$(uname -m)\" == arm64 ]]\nthen\n    export PATH=\"/opt/homebrew/bin:$PATH\"\nfi\n\nif command -v swiftlint >/dev/null 2>&1\nthen\n    swiftlint\nelse\n    echo \"warning: `swiftlint` command not found - See https://github.com/realm/SwiftLint#installation for installation instructions.\"\nfi\n";
		};
/* End PBXShellScriptBuildPhase section */

/* Begin PBXSourcesBuildPhase section */
		3EF6F0452C36937E00EEF18F /* Sources */ = {
			isa = PBXSourcesBuildPhase;
			buildActionMask = 2147483647;
			files = (
				3EF6F04F2C36937E00EEF18F /* ContentView.swift in Sources */,
				3EF6F0512C36937E00EEF18F /* Item.swift in Sources */,
				3EF6F04D2C36937E00EEF18F /* FebirdAppApp.swift in Sources */,
			);
			runOnlyForDeploymentPostprocessing = 0;
		};
		3EF6F0572C36938000EEF18F /* Sources */ = {
			isa = PBXSourcesBuildPhase;
			buildActionMask = 2147483647;
			files = (
				3EF6F0602C36938000EEF18F /* FebirdAppTests.swift in Sources */,
			);
			runOnlyForDeploymentPostprocessing = 0;
		};
		3EF6F0612C36938000EEF18F /* Sources */ = {
			isa = PBXSourcesBuildPhase;
			buildActionMask = 2147483647;
			files = (
				3EF6F06C2C36938000EEF18F /* FebirdAppUITestsLaunchTests.swift in Sources */,
				3EF6F06A2C36938000EEF18F /* FebirdAppUITests.swift in Sources */,
			);
			runOnlyForDeploymentPostprocessing = 0;
		};
/* End PBXSourcesBuildPhase section */

/* Begin PBXTargetDependency section */
		3EF6F05D2C36938000EEF18F /* PBXTargetDependency */ = {
			isa = PBXTargetDependency;
			target = 3EF6F0482C36937E00EEF18F /* FebirdApp */;
			targetProxy = 3EF6F05C2C36938000EEF18F /* PBXContainerItemProxy */;
		};
		3EF6F0672C36938000EEF18F /* PBXTargetDependency */ = {
			isa = PBXTargetDependency;
			target = 3EF6F0482C36937E00EEF18F /* FebirdApp */;
			targetProxy = 3EF6F0662C36938000EEF18F /* PBXContainerItemProxy */;
		};
/* End PBXTargetDependency section */

/* Begin XCBuildConfiguration section */
		3EF6F06D2C36938000EEF18F /* Debug */ = {
			isa = XCBuildConfiguration;
			baseConfigurationReference = E1BB0D382C44E615002565B2 /* Secret.xcconfig */;
			buildSettings = {
				ALWAYS_SEARCH_USER_PATHS = NO;
				ASSETCATALOG_COMPILER_GENERATE_SWIFT_ASSET_SYMBOL_EXTENSIONS = YES;
				CLANG_ANALYZER_NONNULL = YES;
				CLANG_ANALYZER_NUMBER_OBJECT_CONVERSION = YES_AGGRESSIVE;
				CLANG_CXX_LANGUAGE_STANDARD = "gnu++20";
				CLANG_ENABLE_MODULES = YES;
				CLANG_ENABLE_OBJC_ARC = YES;
				CLANG_ENABLE_OBJC_WEAK = YES;
				CLANG_WARN_BLOCK_CAPTURE_AUTORELEASING = YES;
				CLANG_WARN_BOOL_CONVERSION = YES;
				CLANG_WARN_COMMA = YES;
				CLANG_WARN_CONSTANT_CONVERSION = YES;
				CLANG_WARN_DEPRECATED_OBJC_IMPLEMENTATIONS = YES;
				CLANG_WARN_DIRECT_OBJC_ISA_USAGE = YES_ERROR;
				CLANG_WARN_DOCUMENTATION_COMMENTS = YES;
				CLANG_WARN_EMPTY_BODY = YES;
				CLANG_WARN_ENUM_CONVERSION = YES;
				CLANG_WARN_INFINITE_RECURSION = YES;
				CLANG_WARN_INT_CONVERSION = YES;
				CLANG_WARN_NON_LITERAL_NULL_CONVERSION = YES;
				CLANG_WARN_OBJC_IMPLICIT_RETAIN_SELF = YES;
				CLANG_WARN_OBJC_LITERAL_CONVERSION = YES;
				CLANG_WARN_OBJC_ROOT_CLASS = YES_ERROR;
				CLANG_WARN_QUOTED_INCLUDE_IN_FRAMEWORK_HEADER = YES;
				CLANG_WARN_RANGE_LOOP_ANALYSIS = YES;
				CLANG_WARN_STRICT_PROTOTYPES = YES;
				CLANG_WARN_SUSPICIOUS_MOVE = YES;
				CLANG_WARN_UNGUARDED_AVAILABILITY = YES_AGGRESSIVE;
				CLANG_WARN_UNREACHABLE_CODE = YES;
				CLANG_WARN__DUPLICATE_METHOD_MATCH = YES;
				COPY_PHASE_STRIP = NO;
				DEBUG_INFORMATION_FORMAT = dwarf;
				ENABLE_STRICT_OBJC_MSGSEND = YES;
				ENABLE_TESTABILITY = YES;
				ENABLE_USER_SCRIPT_SANDBOXING = YES;
				GCC_C_LANGUAGE_STANDARD = gnu17;
				GCC_DYNAMIC_NO_PIC = NO;
				GCC_NO_COMMON_BLOCKS = YES;
				GCC_OPTIMIZATION_LEVEL = 0;
				GCC_PREPROCESSOR_DEFINITIONS = (
					"DEBUG=1",
					"$(inherited)",
				);
				GCC_WARN_64_TO_32_BIT_CONVERSION = YES;
				GCC_WARN_ABOUT_RETURN_TYPE = YES_ERROR;
				GCC_WARN_UNDECLARED_SELECTOR = YES;
				GCC_WARN_UNINITIALIZED_AUTOS = YES_AGGRESSIVE;
				GCC_WARN_UNUSED_FUNCTION = YES;
				GCC_WARN_UNUSED_VARIABLE = YES;
				IPHONEOS_DEPLOYMENT_TARGET = 17.5;
				LOCALIZATION_PREFERS_STRING_CATALOGS = YES;
				MTL_ENABLE_DEBUG_INFO = INCLUDE_SOURCE;
				MTL_FAST_MATH = YES;
				ONLY_ACTIVE_ARCH = YES;
				SDKROOT = iphoneos;
				SWIFT_ACTIVE_COMPILATION_CONDITIONS = "DEBUG $(inherited)";
				SWIFT_OPTIMIZATION_LEVEL = "-Onone";
			};
			name = Debug;
		};
		3EF6F06E2C36938000EEF18F /* Release */ = {
			isa = XCBuildConfiguration;
			baseConfigurationReference = E1BB0D382C44E615002565B2 /* Secret.xcconfig */;
			buildSettings = {
				ALWAYS_SEARCH_USER_PATHS = NO;
				ASSETCATALOG_COMPILER_GENERATE_SWIFT_ASSET_SYMBOL_EXTENSIONS = YES;
				CLANG_ANALYZER_NONNULL = YES;
				CLANG_ANALYZER_NUMBER_OBJECT_CONVERSION = YES_AGGRESSIVE;
				CLANG_CXX_LANGUAGE_STANDARD = "gnu++20";
				CLANG_ENABLE_MODULES = YES;
				CLANG_ENABLE_OBJC_ARC = YES;
				CLANG_ENABLE_OBJC_WEAK = YES;
				CLANG_WARN_BLOCK_CAPTURE_AUTORELEASING = YES;
				CLANG_WARN_BOOL_CONVERSION = YES;
				CLANG_WARN_COMMA = YES;
				CLANG_WARN_CONSTANT_CONVERSION = YES;
				CLANG_WARN_DEPRECATED_OBJC_IMPLEMENTATIONS = YES;
				CLANG_WARN_DIRECT_OBJC_ISA_USAGE = YES_ERROR;
				CLANG_WARN_DOCUMENTATION_COMMENTS = YES;
				CLANG_WARN_EMPTY_BODY = YES;
				CLANG_WARN_ENUM_CONVERSION = YES;
				CLANG_WARN_INFINITE_RECURSION = YES;
				CLANG_WARN_INT_CONVERSION = YES;
				CLANG_WARN_NON_LITERAL_NULL_CONVERSION = YES;
				CLANG_WARN_OBJC_IMPLICIT_RETAIN_SELF = YES;
				CLANG_WARN_OBJC_LITERAL_CONVERSION = YES;
				CLANG_WARN_OBJC_ROOT_CLASS = YES_ERROR;
				CLANG_WARN_QUOTED_INCLUDE_IN_FRAMEWORK_HEADER = YES;
				CLANG_WARN_RANGE_LOOP_ANALYSIS = YES;
				CLANG_WARN_STRICT_PROTOTYPES = YES;
				CLANG_WARN_SUSPICIOUS_MOVE = YES;
				CLANG_WARN_UNGUARDED_AVAILABILITY = YES_AGGRESSIVE;
				CLANG_WARN_UNREACHABLE_CODE = YES;
				CLANG_WARN__DUPLICATE_METHOD_MATCH = YES;
				COPY_PHASE_STRIP = NO;
				DEBUG_INFORMATION_FORMAT = "dwarf-with-dsym";
				ENABLE_NS_ASSERTIONS = NO;
				ENABLE_STRICT_OBJC_MSGSEND = YES;
				ENABLE_USER_SCRIPT_SANDBOXING = YES;
				GCC_C_LANGUAGE_STANDARD = gnu17;
				GCC_NO_COMMON_BLOCKS = YES;
				GCC_WARN_64_TO_32_BIT_CONVERSION = YES;
				GCC_WARN_ABOUT_RETURN_TYPE = YES_ERROR;
				GCC_WARN_UNDECLARED_SELECTOR = YES;
				GCC_WARN_UNINITIALIZED_AUTOS = YES_AGGRESSIVE;
				GCC_WARN_UNUSED_FUNCTION = YES;
				GCC_WARN_UNUSED_VARIABLE = YES;
				IPHONEOS_DEPLOYMENT_TARGET = 17.5;
				LOCALIZATION_PREFERS_STRING_CATALOGS = YES;
				MTL_ENABLE_DEBUG_INFO = NO;
				MTL_FAST_MATH = YES;
				SDKROOT = iphoneos;
				SWIFT_COMPILATION_MODE = wholemodule;
				VALIDATE_PRODUCT = YES;
			};
			name = Release;
		};
		3EF6F0702C36938000EEF18F /* Debug */ = {
			isa = XCBuildConfiguration;
			buildSettings = {
				ASSETCATALOG_COMPILER_APPICON_NAME = AppIcon;
				ASSETCATALOG_COMPILER_GLOBAL_ACCENT_COLOR_NAME = AccentColor;
				CODE_SIGN_STYLE = Automatic;
				CURRENT_PROJECT_VERSION = 1;
				DEVELOPMENT_ASSET_PATHS = "\"FebirdApp/Preview Content\"";
				DEVELOPMENT_TEAM = "";
				ENABLE_PREVIEWS = YES;
				ENABLE_USER_SCRIPT_SANDBOXING = NO;
				GENERATE_INFOPLIST_FILE = YES;
				INFOPLIST_FILE = FebirdApp/Info.plist;
				INFOPLIST_KEY_UIApplicationSceneManifest_Generation = YES;
				INFOPLIST_KEY_UIApplicationSupportsIndirectInputEvents = YES;
				INFOPLIST_KEY_UILaunchScreen_Generation = YES;
				INFOPLIST_KEY_UISupportedInterfaceOrientations_iPad = "UIInterfaceOrientationPortrait UIInterfaceOrientationPortraitUpsideDown UIInterfaceOrientationLandscapeLeft UIInterfaceOrientationLandscapeRight";
				INFOPLIST_KEY_UISupportedInterfaceOrientations_iPhone = "UIInterfaceOrientationPortrait UIInterfaceOrientationLandscapeLeft UIInterfaceOrientationLandscapeRight";
				LD_RUNPATH_SEARCH_PATHS = (
					"$(inherited)",
					"@executable_path/Frameworks",
				);
				MARKETING_VERSION = 1.0;
				PRODUCT_BUNDLE_IDENTIFIER = org.colorchips.FebirdApp;
				PRODUCT_NAME = "$(TARGET_NAME)";
				SWIFT_EMIT_LOC_STRINGS = YES;
				SWIFT_VERSION = 5.0;
				TARGETED_DEVICE_FAMILY = "1,2";
			};
			name = Debug;
		};
		3EF6F0712C36938000EEF18F /* Release */ = {
			isa = XCBuildConfiguration;
			buildSettings = {
				ASSETCATALOG_COMPILER_APPICON_NAME = AppIcon;
				ASSETCATALOG_COMPILER_GLOBAL_ACCENT_COLOR_NAME = AccentColor;
				CODE_SIGN_STYLE = Automatic;
				CURRENT_PROJECT_VERSION = 1;
				DEVELOPMENT_ASSET_PATHS = "\"FebirdApp/Preview Content\"";
				DEVELOPMENT_TEAM = "";
				ENABLE_PREVIEWS = YES;
				ENABLE_USER_SCRIPT_SANDBOXING = NO;
				GENERATE_INFOPLIST_FILE = YES;
				INFOPLIST_FILE = FebirdApp/Info.plist;
				INFOPLIST_KEY_UIApplicationSceneManifest_Generation = YES;
				INFOPLIST_KEY_UIApplicationSupportsIndirectInputEvents = YES;
				INFOPLIST_KEY_UILaunchScreen_Generation = YES;
				INFOPLIST_KEY_UISupportedInterfaceOrientations_iPad = "UIInterfaceOrientationPortrait UIInterfaceOrientationPortraitUpsideDown UIInterfaceOrientationLandscapeLeft UIInterfaceOrientationLandscapeRight";
				INFOPLIST_KEY_UISupportedInterfaceOrientations_iPhone = "UIInterfaceOrientationPortrait UIInterfaceOrientationLandscapeLeft UIInterfaceOrientationLandscapeRight";
				LD_RUNPATH_SEARCH_PATHS = (
					"$(inherited)",
					"@executable_path/Frameworks",
				);
				MARKETING_VERSION = 1.0;
				PRODUCT_BUNDLE_IDENTIFIER = org.colorchips.FebirdApp;
				PRODUCT_NAME = "$(TARGET_NAME)";
				SWIFT_EMIT_LOC_STRINGS = YES;
				SWIFT_VERSION = 5.0;
				TARGETED_DEVICE_FAMILY = "1,2";
			};
			name = Release;
		};
		3EF6F0732C36938000EEF18F /* Debug */ = {
			isa = XCBuildConfiguration;
			buildSettings = {
				ALWAYS_EMBED_SWIFT_STANDARD_LIBRARIES = YES;
				BUNDLE_LOADER = "$(TEST_HOST)";
				CODE_SIGN_STYLE = Automatic;
				CURRENT_PROJECT_VERSION = 1;
				DEVELOPMENT_TEAM = 62SDS28JUT;
				GENERATE_INFOPLIST_FILE = YES;
				IPHONEOS_DEPLOYMENT_TARGET = 17.5;
				MARKETING_VERSION = 1.0;
				PRODUCT_BUNDLE_IDENTIFIER = org.colorchips.FebirdAppTests;
				PRODUCT_NAME = "$(TARGET_NAME)";
				SWIFT_EMIT_LOC_STRINGS = NO;
				SWIFT_VERSION = 5.0;
				TARGETED_DEVICE_FAMILY = "1,2";
				TEST_HOST = "$(BUILT_PRODUCTS_DIR)/FebirdApp.app/$(BUNDLE_EXECUTABLE_FOLDER_PATH)/FebirdApp";
			};
			name = Debug;
		};
		3EF6F0742C36938000EEF18F /* Release */ = {
			isa = XCBuildConfiguration;
			buildSettings = {
				ALWAYS_EMBED_SWIFT_STANDARD_LIBRARIES = YES;
				BUNDLE_LOADER = "$(TEST_HOST)";
				CODE_SIGN_STYLE = Automatic;
				CURRENT_PROJECT_VERSION = 1;
				DEVELOPMENT_TEAM = 62SDS28JUT;
				GENERATE_INFOPLIST_FILE = YES;
				IPHONEOS_DEPLOYMENT_TARGET = 17.5;
				MARKETING_VERSION = 1.0;
				PRODUCT_BUNDLE_IDENTIFIER = org.colorchips.FebirdAppTests;
				PRODUCT_NAME = "$(TARGET_NAME)";
				SWIFT_EMIT_LOC_STRINGS = NO;
				SWIFT_VERSION = 5.0;
				TARGETED_DEVICE_FAMILY = "1,2";
				TEST_HOST = "$(BUILT_PRODUCTS_DIR)/FebirdApp.app/$(BUNDLE_EXECUTABLE_FOLDER_PATH)/FebirdApp";
			};
			name = Release;
		};
		3EF6F0762C36938000EEF18F /* Debug */ = {
			isa = XCBuildConfiguration;
			buildSettings = {
				ALWAYS_EMBED_SWIFT_STANDARD_LIBRARIES = YES;
				CODE_SIGN_STYLE = Automatic;
				CURRENT_PROJECT_VERSION = 1;
				DEVELOPMENT_TEAM = 62SDS28JUT;
				GENERATE_INFOPLIST_FILE = YES;
				MARKETING_VERSION = 1.0;
				PRODUCT_BUNDLE_IDENTIFIER = org.colorchips.FebirdAppUITests;
				PRODUCT_NAME = "$(TARGET_NAME)";
				SWIFT_EMIT_LOC_STRINGS = NO;
				SWIFT_VERSION = 5.0;
				TARGETED_DEVICE_FAMILY = "1,2";
				TEST_TARGET_NAME = FebirdApp;
			};
			name = Debug;
		};
		3EF6F0772C36938000EEF18F /* Release */ = {
			isa = XCBuildConfiguration;
			buildSettings = {
				ALWAYS_EMBED_SWIFT_STANDARD_LIBRARIES = YES;
				CODE_SIGN_STYLE = Automatic;
				CURRENT_PROJECT_VERSION = 1;
				DEVELOPMENT_TEAM = 62SDS28JUT;
				GENERATE_INFOPLIST_FILE = YES;
				MARKETING_VERSION = 1.0;
				PRODUCT_BUNDLE_IDENTIFIER = org.colorchips.FebirdAppUITests;
				PRODUCT_NAME = "$(TARGET_NAME)";
				SWIFT_EMIT_LOC_STRINGS = NO;
				SWIFT_VERSION = 5.0;
				TARGETED_DEVICE_FAMILY = "1,2";
				TEST_TARGET_NAME = FebirdApp;
			};
			name = Release;
		};
/* End XCBuildConfiguration section */

/* Begin XCConfigurationList section */
		3EF6F0442C36937D00EEF18F /* Build configuration list for PBXProject "FebirdApp" */ = {
			isa = XCConfigurationList;
			buildConfigurations = (
				3EF6F06D2C36938000EEF18F /* Debug */,
				3EF6F06E2C36938000EEF18F /* Release */,
			);
			defaultConfigurationIsVisible = 0;
			defaultConfigurationName = Release;
		};
		3EF6F06F2C36938000EEF18F /* Build configuration list for PBXNativeTarget "FebirdApp" */ = {
			isa = XCConfigurationList;
			buildConfigurations = (
				3EF6F0702C36938000EEF18F /* Debug */,
				3EF6F0712C36938000EEF18F /* Release */,
			);
			defaultConfigurationIsVisible = 0;
			defaultConfigurationName = Release;
		};
		3EF6F0722C36938000EEF18F /* Build configuration list for PBXNativeTarget "FebirdAppTests" */ = {
			isa = XCConfigurationList;
			buildConfigurations = (
				3EF6F0732C36938000EEF18F /* Debug */,
				3EF6F0742C36938000EEF18F /* Release */,
			);
			defaultConfigurationIsVisible = 0;
			defaultConfigurationName = Release;
		};
		3EF6F0752C36938000EEF18F /* Build configuration list for PBXNativeTarget "FebirdAppUITests" */ = {
			isa = XCConfigurationList;
			buildConfigurations = (
				3EF6F0762C36938000EEF18F /* Debug */,
				3EF6F0772C36938000EEF18F /* Release */,
			);
			defaultConfigurationIsVisible = 0;
			defaultConfigurationName = Release;
		};
/* End XCConfigurationList section */

/* Begin XCRemoteSwiftPackageReference section */
		E1BB0D4A2C450F0B002565B2 /* XCRemoteSwiftPackageReference "SwiftLintPlugins" */ = {
			isa = XCRemoteSwiftPackageReference;
			repositoryURL = "https://github.com/SimplyDanny/SwiftLintPlugins";
			requirement = {
				kind = upToNextMinorVersion;
				minimumVersion = 0.55.1;
			};
		};
/* End XCRemoteSwiftPackageReference section */
	};
	rootObject = 3EF6F0412C36937D00EEF18F /* Project object */;
}
